PODS:
  - GoogleMaps (7.3.0):
    - GoogleMaps/Maps (= 7.3.0)
  - GoogleMaps/Base (7.3.0)
  - GoogleMaps/Maps (7.3.0):
    - GoogleMaps/Base

DEPENDENCIES:
  - GoogleMaps (= 7.3.0)

SPEC REPOS:
  trunk:
    - GoogleMaps

SPEC CHECKSUMS:
  GoogleMaps: a146f275ee429d14822178c7a841c03366ec92a1

PODFILE CHECKSUM: 7c038e84c4d25d5b7f48ac1b6d4791d3b68fcfc4

COCOAPODS: 1.11.3
