// !$*UTF8*$!
{
	archiveVersion = 1;
	classes = {
	};
	objectVersion = 56;
	objects = {

/* Begin PBXBuildFile section */
		6497CFDAA359C91352C48308 /* libPods-close2_3-close2_3UITests.a in Frameworks */ = {isa = PBXBuildFile; fileRef = 8D834817281E11B766EDDE98 /* libPods-close2_3-close2_3UITests.a */; };
		77D9A8FF297319E5007A93E7 /* AppDelegate.swift in Sources */ = {isa = PBXBuildFile; fileRef = 77D9A8FE297319E5007A93E7 /* AppDelegate.swift */; };
		77D9A901297319E5007A93E7 /* SceneDelegate.swift in Sources */ = {isa = PBXBuildFile; fileRef = 77D9A900297319E5007A93E7 /* SceneDelegate.swift */; };
		77D9A903297319E5007A93E7 /* ViewController.swift in Sources */ = {isa = PBXBuildFile; fileRef = 77D9A902297319E5007A93E7 /* ViewController.swift */; };
		77D9A906297319E5007A93E7 /* Main.storyboard in Resources */ = {isa = PBXBuildFile; fileRef = 77D9A904297319E5007A93E7 /* Main.storyboard */; };
		77D9A909297319E5007A93E7 /* close2_3.xcdatamodeld in Sources */ = {isa = PBXBuildFile; fileRef = 77D9A907297319E5007A93E7 /* close2_3.xcdatamodeld */; };
		77D9A90B297319E7007A93E7 /* Assets.xcassets in Resources */ = {isa = PBXBuildFile; fileRef = 77D9A90A297319E7007A93E7 /* Assets.xcassets */; };
		77D9A90E297319E7007A93E7 /* LaunchScreen.storyboard in Resources */ = {isa = PBXBuildFile; fileRef = 77D9A90C297319E7007A93E7 /* LaunchScreen.storyboard */; };
		77D9A919297319E7007A93E7 /* close2_3Tests.swift in Sources */ = {isa = PBXBuildFile; fileRef = 77D9A918297319E7007A93E7 /* close2_3Tests.swift */; };
		77D9A923297319E7007A93E7 /* close2_3UITests.swift in Sources */ = {isa = PBXBuildFile; fileRef = 77D9A922297319E7007A93E7 /* close2_3UITests.swift */; };
		77D9A925297319E7007A93E7 /* close2_3UITestsLaunchTests.swift in Sources */ = {isa = PBXBuildFile; fileRef = 77D9A924297319E7007A93E7 /* close2_3UITestsLaunchTests.swift */; };
		7D5D99CFA54557338649E0D6 /* libPods-close2_3Tests.a in Frameworks */ = {isa = PBXBuildFile; fileRef = A3536EB61AF374DF685CF284 /* libPods-close2_3Tests.a */; };
		D6766DA4A7CD08FA3B451AA3 /* libPods-close2_3.a in Frameworks */ = {isa = PBXBuildFile; fileRef = 16F35EBF5A9526A745825466 /* libPods-close2_3.a */; };
		FF41338A29760CC80079766B /* FirebaseAnalytics in Frameworks */ = {isa = PBXBuildFile; productRef = FF41338929760CC80079766B /* FirebaseAnalytics */; };
		FF41338C29760CC80079766B /* FirebaseAnalyticsOnDeviceConversion in Frameworks */ = {isa = PBXBuildFile; productRef = FF41338B29760CC80079766B /* FirebaseAnalyticsOnDeviceConversion */; };
		FF41338E29760CC80079766B /* FirebaseAnalyticsSwift in Frameworks */ = {isa = PBXBuildFile; productRef = FF41338D29760CC80079766B /* FirebaseAnalyticsSwift */; };
		FF41339029760CC80079766B /* FirebaseAnalyticsWithoutAdIdSupport in Frameworks */ = {isa = PBXBuildFile; productRef = FF41338F29760CC80079766B /* FirebaseAnalyticsWithoutAdIdSupport */; };
		FF41339229760CC80079766B /* FirebaseAppCheck in Frameworks */ = {isa = PBXBuildFile; productRef = FF41339129760CC80079766B /* FirebaseAppCheck */; };
		FF41339429760CC80079766B /* FirebaseAppDistribution-Beta in Frameworks */ = {isa = PBXBuildFile; productRef = FF41339329760CC80079766B /* FirebaseAppDistribution-Beta */; };
		FF41339629760CC80079766B /* FirebaseAuth in Frameworks */ = {isa = PBXBuildFile; productRef = FF41339529760CC80079766B /* FirebaseAuth */; };
		FF41339829760CC80079766B /* FirebaseAuthCombine-Community in Frameworks */ = {isa = PBXBuildFile; productRef = FF41339729760CC80079766B /* FirebaseAuthCombine-Community */; };
		FF41339A29760CC80079766B /* FirebaseCrashlytics in Frameworks */ = {isa = PBXBuildFile; productRef = FF41339929760CC80079766B /* FirebaseCrashlytics */; };
		FF41339C29760CC80079766B /* FirebaseDatabase in Frameworks */ = {isa = PBXBuildFile; productRef = FF41339B29760CC80079766B /* FirebaseDatabase */; };
		FF41339E29760CC80079766B /* FirebaseDatabaseSwift in Frameworks */ = {isa = PBXBuildFile; productRef = FF41339D29760CC80079766B /* FirebaseDatabaseSwift */; };
		FF4133A029760CC80079766B /* FirebaseDynamicLinks in Frameworks */ = {isa = PBXBuildFile; productRef = FF41339F29760CC80079766B /* FirebaseDynamicLinks */; };
		FF4133A229760CC80079766B /* FirebaseFirestore in Frameworks */ = {isa = PBXBuildFile; productRef = FF4133A129760CC80079766B /* FirebaseFirestore */; };
		FF4133A429760CC80079766B /* FirebaseFirestoreCombine-Community in Frameworks */ = {isa = PBXBuildFile; productRef = FF4133A329760CC80079766B /* FirebaseFirestoreCombine-Community */; };
		FF4133A629760CC80079766B /* FirebaseFirestoreSwift in Frameworks */ = {isa = PBXBuildFile; productRef = FF4133A529760CC80079766B /* FirebaseFirestoreSwift */; };
		FF4133A829760CC80079766B /* FirebaseFunctions in Frameworks */ = {isa = PBXBuildFile; productRef = FF4133A729760CC80079766B /* FirebaseFunctions */; };
		FF4133AA29760CC80079766B /* FirebaseFunctionsCombine-Community in Frameworks */ = {isa = PBXBuildFile; productRef = FF4133A929760CC80079766B /* FirebaseFunctionsCombine-Community */; };
		FF4133AC29760CC80079766B /* FirebaseInAppMessaging-Beta in Frameworks */ = {isa = PBXBuildFile; productRef = FF4133AB29760CC80079766B /* FirebaseInAppMessaging-Beta */; };
		FF4133AE29760CC80079766B /* FirebaseInAppMessagingSwift-Beta in Frameworks */ = {isa = PBXBuildFile; productRef = FF4133AD29760CC80079766B /* FirebaseInAppMessagingSwift-Beta */; };
		FF4133B029760CC80079766B /* FirebaseInstallations in Frameworks */ = {isa = PBXBuildFile; productRef = FF4133AF29760CC80079766B /* FirebaseInstallations */; };
		FF4133B229760CC80079766B /* FirebaseMLModelDownloader in Frameworks */ = {isa = PBXBuildFile; productRef = FF4133B129760CC80079766B /* FirebaseMLModelDownloader */; };
		FF4133B429760CC80079766B /* FirebaseMessaging in Frameworks */ = {isa = PBXBuildFile; productRef = FF4133B329760CC80079766B /* FirebaseMessaging */; };
		FF4133B629760CC80079766B /* FirebasePerformance in Frameworks */ = {isa = PBXBuildFile; productRef = FF4133B529760CC80079766B /* FirebasePerformance */; };
		FF4133B829760CC80079766B /* FirebaseRemoteConfig in Frameworks */ = {isa = PBXBuildFile; productRef = FF4133B729760CC80079766B /* FirebaseRemoteConfig */; };
		FF4133BA29760CC80079766B /* FirebaseRemoteConfigSwift in Frameworks */ = {isa = PBXBuildFile; productRef = FF4133B929760CC80079766B /* FirebaseRemoteConfigSwift */; };
		FF4133BC29760CC90079766B /* FirebaseStorage in Frameworks */ = {isa = PBXBuildFile; productRef = FF4133BB29760CC90079766B /* FirebaseStorage */; };
		FF4133BE29760CC90079766B /* FirebaseStorageCombine-Community in Frameworks */ = {isa = PBXBuildFile; productRef = FF4133BD29760CC90079766B /* FirebaseStorageCombine-Community */; };
		FF4133C029760E020079766B /* GoogleService-Info.plist in Resources */ = {isa = PBXBuildFile; fileRef = FF4133BF29760E010079766B /* GoogleService-Info.plist */; };
		FF4133C129760E020079766B /* GoogleService-Info.plist in Resources */ = {isa = PBXBuildFile; fileRef = FF4133BF29760E010079766B /* GoogleService-Info.plist */; };
		FF4133C229760E020079766B /* GoogleService-Info.plist in Resources */ = {isa = PBXBuildFile; fileRef = FF4133BF29760E010079766B /* GoogleService-Info.plist */; };
/* End PBXBuildFile section */

/* Begin PBXContainerItemProxy section */
		77D9A915297319E7007A93E7 /* PBXContainerItemProxy */ = {
			isa = PBXContainerItemProxy;
			containerPortal = 77D9A8F3297319E4007A93E7 /* Project object */;
			proxyType = 1;
			remoteGlobalIDString = 77D9A8FA297319E5007A93E7;
			remoteInfo = close2_3;
		};
		77D9A91F297319E7007A93E7 /* PBXContainerItemProxy */ = {
			isa = PBXContainerItemProxy;
			containerPortal = 77D9A8F3297319E4007A93E7 /* Project object */;
			proxyType = 1;
			remoteGlobalIDString = 77D9A8FA297319E5007A93E7;
			remoteInfo = close2_3;
		};
/* End PBXContainerItemProxy section */

/* Begin PBXFileReference section */
		011C01ED146BDA5FA277631C /* Pods-close2_3Tests.debug.xcconfig */ = {isa = PBXFileReference; includeInIndex = 1; lastKnownFileType = text.xcconfig; name = "Pods-close2_3Tests.debug.xcconfig"; path = "Target Support Files/Pods-close2_3Tests/Pods-close2_3Tests.debug.xcconfig"; sourceTree = "<group>"; };
		093132D2AC27021064BED20E /* Pods-close2_3.debug.xcconfig */ = {isa = PBXFileReference; includeInIndex = 1; lastKnownFileType = text.xcconfig; name = "Pods-close2_3.debug.xcconfig"; path = "Target Support Files/Pods-close2_3/Pods-close2_3.debug.xcconfig"; sourceTree = "<group>"; };
		16F35EBF5A9526A745825466 /* libPods-close2_3.a */ = {isa = PBXFileReference; explicitFileType = archive.ar; includeInIndex = 0; path = "libPods-close2_3.a"; sourceTree = BUILT_PRODUCTS_DIR; };
		2CE1ECF2ED8923D778A37FFA /* Pods-close2_3Tests.release.xcconfig */ = {isa = PBXFileReference; includeInIndex = 1; lastKnownFileType = text.xcconfig; name = "Pods-close2_3Tests.release.xcconfig"; path = "Target Support Files/Pods-close2_3Tests/Pods-close2_3Tests.release.xcconfig"; sourceTree = "<group>"; };
		77D9A8FB297319E5007A93E7 /* close2_3.app */ = {isa = PBXFileReference; explicitFileType = wrapper.application; includeInIndex = 0; path = close2_3.app; sourceTree = BUILT_PRODUCTS_DIR; };
		77D9A8FE297319E5007A93E7 /* AppDelegate.swift */ = {isa = PBXFileReference; lastKnownFileType = sourcecode.swift; path = AppDelegate.swift; sourceTree = "<group>"; };
		77D9A900297319E5007A93E7 /* SceneDelegate.swift */ = {isa = PBXFileReference; lastKnownFileType = sourcecode.swift; path = SceneDelegate.swift; sourceTree = "<group>"; };
		77D9A902297319E5007A93E7 /* ViewController.swift */ = {isa = PBXFileReference; lastKnownFileType = sourcecode.swift; path = ViewController.swift; sourceTree = "<group>"; };
		77D9A905297319E5007A93E7 /* Base */ = {isa = PBXFileReference; lastKnownFileType = file.storyboard; name = Base; path = Base.lproj/Main.storyboard; sourceTree = "<group>"; };
		77D9A908297319E5007A93E7 /* close2_3.xcdatamodel */ = {isa = PBXFileReference; lastKnownFileType = wrapper.xcdatamodel; path = close2_3.xcdatamodel; sourceTree = "<group>"; };
		77D9A90A297319E7007A93E7 /* Assets.xcassets */ = {isa = PBXFileReference; lastKnownFileType = folder.assetcatalog; path = Assets.xcassets; sourceTree = "<group>"; };
		77D9A90D297319E7007A93E7 /* Base */ = {isa = PBXFileReference; lastKnownFileType = file.storyboard; name = Base; path = Base.lproj/LaunchScreen.storyboard; sourceTree = "<group>"; };
		77D9A90F297319E7007A93E7 /* Info.plist */ = {isa = PBXFileReference; lastKnownFileType = text.plist.xml; path = Info.plist; sourceTree = "<group>"; };
		77D9A914297319E7007A93E7 /* close2_3Tests.xctest */ = {isa = PBXFileReference; explicitFileType = wrapper.cfbundle; includeInIndex = 0; path = close2_3Tests.xctest; sourceTree = BUILT_PRODUCTS_DIR; };
		77D9A918297319E7007A93E7 /* close2_3Tests.swift */ = {isa = PBXFileReference; lastKnownFileType = sourcecode.swift; path = close2_3Tests.swift; sourceTree = "<group>"; };
		77D9A91E297319E7007A93E7 /* close2_3UITests.xctest */ = {isa = PBXFileReference; explicitFileType = wrapper.cfbundle; includeInIndex = 0; path = close2_3UITests.xctest; sourceTree = BUILT_PRODUCTS_DIR; };
		77D9A922297319E7007A93E7 /* close2_3UITests.swift */ = {isa = PBXFileReference; lastKnownFileType = sourcecode.swift; path = close2_3UITests.swift; sourceTree = "<group>"; };
		77D9A924297319E7007A93E7 /* close2_3UITestsLaunchTests.swift */ = {isa = PBXFileReference; lastKnownFileType = sourcecode.swift; path = close2_3UITestsLaunchTests.swift; sourceTree = "<group>"; };
		7FAF133EB1290483DA083116 /* Pods-close2_3-close2_3UITests.release.xcconfig */ = {isa = PBXFileReference; includeInIndex = 1; lastKnownFileType = text.xcconfig; name = "Pods-close2_3-close2_3UITests.release.xcconfig"; path = "Target Support Files/Pods-close2_3-close2_3UITests/Pods-close2_3-close2_3UITests.release.xcconfig"; sourceTree = "<group>"; };
		83E09DC109C3F56ACDBAA410 /* Pods-close2_3.release.xcconfig */ = {isa = PBXFileReference; includeInIndex = 1; lastKnownFileType = text.xcconfig; name = "Pods-close2_3.release.xcconfig"; path = "Target Support Files/Pods-close2_3/Pods-close2_3.release.xcconfig"; sourceTree = "<group>"; };
		8C5283934BC26896FCCD6357 /* Pods-close2_3-close2_3UITests.debug.xcconfig */ = {isa = PBXFileReference; includeInIndex = 1; lastKnownFileType = text.xcconfig; name = "Pods-close2_3-close2_3UITests.debug.xcconfig"; path = "Target Support Files/Pods-close2_3-close2_3UITests/Pods-close2_3-close2_3UITests.debug.xcconfig"; sourceTree = "<group>"; };
		8D834817281E11B766EDDE98 /* libPods-close2_3-close2_3UITests.a */ = {isa = PBXFileReference; explicitFileType = archive.ar; includeInIndex = 0; path = "libPods-close2_3-close2_3UITests.a"; sourceTree = BUILT_PRODUCTS_DIR; };
		A3536EB61AF374DF685CF284 /* libPods-close2_3Tests.a */ = {isa = PBXFileReference; explicitFileType = archive.ar; includeInIndex = 0; path = "libPods-close2_3Tests.a"; sourceTree = BUILT_PRODUCTS_DIR; };
		FF4133BF29760E010079766B /* GoogleService-Info.plist */ = {isa = PBXFileReference; fileEncoding = 4; lastKnownFileType = text.plist.xml; name = "GoogleService-Info.plist"; path = "../../../Downloads/GoogleService-Info.plist"; sourceTree = "<group>"; };
/* End PBXFileReference section */

/* Begin PBXFrameworksBuildPhase section */
		77D9A8F8297319E5007A93E7 /* Frameworks */ = {
			isa = PBXFrameworksBuildPhase;
			buildActionMask = 2147483647;
			files = (
				FF41339C29760CC80079766B /* FirebaseDatabase in Frameworks */,
				FF4133AA29760CC80079766B /* FirebaseFunctionsCombine-Community in Frameworks */,
				FF4133A229760CC80079766B /* FirebaseFirestore in Frameworks */,
				FF41338E29760CC80079766B /* FirebaseAnalyticsSwift in Frameworks */,
				FF41338A29760CC80079766B /* FirebaseAnalytics in Frameworks */,
				FF41338C29760CC80079766B /* FirebaseAnalyticsOnDeviceConversion in Frameworks */,
				FF4133B229760CC80079766B /* FirebaseMLModelDownloader in Frameworks */,
				FF4133A629760CC80079766B /* FirebaseFirestoreSwift in Frameworks */,
				FF41339229760CC80079766B /* FirebaseAppCheck in Frameworks */,
				FF41339029760CC80079766B /* FirebaseAnalyticsWithoutAdIdSupport in Frameworks */,
				FF41339629760CC80079766B /* FirebaseAuth in Frameworks */,
				FF41339A29760CC80079766B /* FirebaseCrashlytics in Frameworks */,
				FF4133BA29760CC80079766B /* FirebaseRemoteConfigSwift in Frameworks */,
				FF4133AC29760CC80079766B /* FirebaseInAppMessaging-Beta in Frameworks */,
				FF41339E29760CC80079766B /* FirebaseDatabaseSwift in Frameworks */,
				FF4133A829760CC80079766B /* FirebaseFunctions in Frameworks */,
				FF4133BE29760CC90079766B /* FirebaseStorageCombine-Community in Frameworks */,
				FF4133B829760CC80079766B /* FirebaseRemoteConfig in Frameworks */,
				FF41339429760CC80079766B /* FirebaseAppDistribution-Beta in Frameworks */,
				FF41339829760CC80079766B /* FirebaseAuthCombine-Community in Frameworks */,
				FF4133B629760CC80079766B /* FirebasePerformance in Frameworks */,
				FF4133AE29760CC80079766B /* FirebaseInAppMessagingSwift-Beta in Frameworks */,
				FF4133BC29760CC90079766B /* FirebaseStorage in Frameworks */,
				FF4133A029760CC80079766B /* FirebaseDynamicLinks in Frameworks */,
				FF4133A429760CC80079766B /* FirebaseFirestoreCombine-Community in Frameworks */,
				FF4133B429760CC80079766B /* FirebaseMessaging in Frameworks */,
				FF4133B029760CC80079766B /* FirebaseInstallations in Frameworks */,
				D6766DA4A7CD08FA3B451AA3 /* libPods-close2_3.a in Frameworks */,
			);
			runOnlyForDeploymentPostprocessing = 0;
		};
		77D9A911297319E7007A93E7 /* Frameworks */ = {
			isa = PBXFrameworksBuildPhase;
			buildActionMask = 2147483647;
			files = (
				7D5D99CFA54557338649E0D6 /* libPods-close2_3Tests.a in Frameworks */,
			);
			runOnlyForDeploymentPostprocessing = 0;
		};
		77D9A91B297319E7007A93E7 /* Frameworks */ = {
			isa = PBXFrameworksBuildPhase;
			buildActionMask = 2147483647;
			files = (
				6497CFDAA359C91352C48308 /* libPods-close2_3-close2_3UITests.a in Frameworks */,
			);
			runOnlyForDeploymentPostprocessing = 0;
		};
/* End PBXFrameworksBuildPhase section */

/* Begin PBXGroup section */
		1BC33945A30B98CE3813A8BB /* Frameworks */ = {
			isa = PBXGroup;
			children = (
				16F35EBF5A9526A745825466 /* libPods-close2_3.a */,
				8D834817281E11B766EDDE98 /* libPods-close2_3-close2_3UITests.a */,
				A3536EB61AF374DF685CF284 /* libPods-close2_3Tests.a */,
			);
			name = Frameworks;
			sourceTree = "<group>";
		};
		60CD7329E1783E048086843B /* Pods */ = {
			isa = PBXGroup;
			children = (
				093132D2AC27021064BED20E /* Pods-close2_3.debug.xcconfig */,
				83E09DC109C3F56ACDBAA410 /* Pods-close2_3.release.xcconfig */,
				8C5283934BC26896FCCD6357 /* Pods-close2_3-close2_3UITests.debug.xcconfig */,
				7FAF133EB1290483DA083116 /* Pods-close2_3-close2_3UITests.release.xcconfig */,
				011C01ED146BDA5FA277631C /* Pods-close2_3Tests.debug.xcconfig */,
				2CE1ECF2ED8923D778A37FFA /* Pods-close2_3Tests.release.xcconfig */,
			);
			name = Pods;
			path = Pods;
			sourceTree = "<group>";
		};
		77D9A8F2297319E4007A93E7 = {
			isa = PBXGroup;
			children = (
				77D9A8FD297319E5007A93E7 /* close2_3 */,
				77D9A917297319E7007A93E7 /* close2_3Tests */,
				77D9A921297319E7007A93E7 /* close2_3UITests */,
				77D9A8FC297319E5007A93E7 /* Products */,
				60CD7329E1783E048086843B /* Pods */,
				1BC33945A30B98CE3813A8BB /* Frameworks */,
			);
			sourceTree = "<group>";
		};
		77D9A8FC297319E5007A93E7 /* Products */ = {
			isa = PBXGroup;
			children = (
				77D9A8FB297319E5007A93E7 /* close2_3.app */,
				77D9A914297319E7007A93E7 /* close2_3Tests.xctest */,
				77D9A91E297319E7007A93E7 /* close2_3UITests.xctest */,
			);
			name = Products;
			sourceTree = "<group>";
		};
		77D9A8FD297319E5007A93E7 /* close2_3 */ = {
			isa = PBXGroup;
			children = (
				77D9A8FE297319E5007A93E7 /* AppDelegate.swift */,
				77D9A900297319E5007A93E7 /* SceneDelegate.swift */,
				77D9A902297319E5007A93E7 /* ViewController.swift */,
				77D9A904297319E5007A93E7 /* Main.storyboard */,
				77D9A90A297319E7007A93E7 /* Assets.xcassets */,
				77D9A90C297319E7007A93E7 /* LaunchScreen.storyboard */,
				77D9A90F297319E7007A93E7 /* Info.plist */,
				FF4133BF29760E010079766B /* GoogleService-Info.plist */,
				77D9A907297319E5007A93E7 /* close2_3.xcdatamodeld */,
			);
			path = close2_3;
			sourceTree = "<group>";
		};
		77D9A917297319E7007A93E7 /* close2_3Tests */ = {
			isa = PBXGroup;
			children = (
				77D9A918297319E7007A93E7 /* close2_3Tests.swift */,
			);
			path = close2_3Tests;
			sourceTree = "<group>";
		};
		77D9A921297319E7007A93E7 /* close2_3UITests */ = {
			isa = PBXGroup;
			children = (
				77D9A922297319E7007A93E7 /* close2_3UITests.swift */,
				77D9A924297319E7007A93E7 /* close2_3UITestsLaunchTests.swift */,
			);
			path = close2_3UITests;
			sourceTree = "<group>";
		};
/* End PBXGroup section */

/* Begin PBXNativeTarget section */
		77D9A8FA297319E5007A93E7 /* close2_3 */ = {
			isa = PBXNativeTarget;
			buildConfigurationList = 77D9A928297319E7007A93E7 /* Build configuration list for PBXNativeTarget "close2_3" */;
			buildPhases = (
				DC74BBE3C6C5ADDCB2C462B3 /* [CP] Check Pods Manifest.lock */,
				77D9A8F7297319E5007A93E7 /* Sources */,
				77D9A8F8297319E5007A93E7 /* Frameworks */,
				77D9A8F9297319E5007A93E7 /* Resources */,
				5205D7369A1B4CAD472AF91C /* [CP] Copy Pods Resources */,
			);
			buildRules = (
			);
			dependencies = (
			);
			name = close2_3;
			packageProductDependencies = (
				FF41338929760CC80079766B /* FirebaseAnalytics */,
				FF41338B29760CC80079766B /* FirebaseAnalyticsOnDeviceConversion */,
				FF41338D29760CC80079766B /* FirebaseAnalyticsSwift */,
				FF41338F29760CC80079766B /* FirebaseAnalyticsWithoutAdIdSupport */,
				FF41339129760CC80079766B /* FirebaseAppCheck */,
				FF41339329760CC80079766B /* FirebaseAppDistribution-Beta */,
				FF41339529760CC80079766B /* FirebaseAuth */,
				FF41339729760CC80079766B /* FirebaseAuthCombine-Community */,
				FF41339929760CC80079766B /* FirebaseCrashlytics */,
				FF41339B29760CC80079766B /* FirebaseDatabase */,
				FF41339D29760CC80079766B /* FirebaseDatabaseSwift */,
				FF41339F29760CC80079766B /* FirebaseDynamicLinks */,
				FF4133A129760CC80079766B /* FirebaseFirestore */,
				FF4133A329760CC80079766B /* FirebaseFirestoreCombine-Community */,
				FF4133A529760CC80079766B /* FirebaseFirestoreSwift */,
				FF4133A729760CC80079766B /* FirebaseFunctions */,
				FF4133A929760CC80079766B /* FirebaseFunctionsCombine-Community */,
				FF4133AB29760CC80079766B /* FirebaseInAppMessaging-Beta */,
				FF4133AD29760CC80079766B /* FirebaseInAppMessagingSwift-Beta */,
				FF4133AF29760CC80079766B /* FirebaseInstallations */,
				FF4133B129760CC80079766B /* FirebaseMLModelDownloader */,
				FF4133B329760CC80079766B /* FirebaseMessaging */,
				FF4133B529760CC80079766B /* FirebasePerformance */,
				FF4133B729760CC80079766B /* FirebaseRemoteConfig */,
				FF4133B929760CC80079766B /* FirebaseRemoteConfigSwift */,
				FF4133BB29760CC90079766B /* FirebaseStorage */,
				FF4133BD29760CC90079766B /* FirebaseStorageCombine-Community */,
			);
			productName = close2_3;
			productReference = 77D9A8FB297319E5007A93E7 /* close2_3.app */;
			productType = "com.apple.product-type.application";
		};
		77D9A913297319E7007A93E7 /* close2_3Tests */ = {
			isa = PBXNativeTarget;
			buildConfigurationList = 77D9A92B297319E7007A93E7 /* Build configuration list for PBXNativeTarget "close2_3Tests" */;
			buildPhases = (
				36AA04BC88E07DA29A740FC0 /* [CP] Check Pods Manifest.lock */,
				77D9A910297319E7007A93E7 /* Sources */,
				77D9A911297319E7007A93E7 /* Frameworks */,
				77D9A912297319E7007A93E7 /* Resources */,
			);
			buildRules = (
			);
			dependencies = (
				77D9A916297319E7007A93E7 /* PBXTargetDependency */,
			);
			name = close2_3Tests;
			productName = close2_3Tests;
			productReference = 77D9A914297319E7007A93E7 /* close2_3Tests.xctest */;
			productType = "com.apple.product-type.bundle.unit-test";
		};
		77D9A91D297319E7007A93E7 /* close2_3UITests */ = {
			isa = PBXNativeTarget;
			buildConfigurationList = 77D9A92E297319E7007A93E7 /* Build configuration list for PBXNativeTarget "close2_3UITests" */;
			buildPhases = (
				971483D458081079F0384EF9 /* [CP] Check Pods Manifest.lock */,
				77D9A91A297319E7007A93E7 /* Sources */,
				77D9A91B297319E7007A93E7 /* Frameworks */,
				77D9A91C297319E7007A93E7 /* Resources */,
				4DA329A852A785C920E62B2A /* [CP] Copy Pods Resources */,
			);
			buildRules = (
			);
			dependencies = (
				77D9A920297319E7007A93E7 /* PBXTargetDependency */,
			);
			name = close2_3UITests;
			productName = close2_3UITests;
			productReference = 77D9A91E297319E7007A93E7 /* close2_3UITests.xctest */;
			productType = "com.apple.product-type.bundle.ui-testing";
		};
/* End PBXNativeTarget section */

/* Begin PBXProject section */
		77D9A8F3297319E4007A93E7 /* Project object */ = {
			isa = PBXProject;
			attributes = {
				BuildIndependentTargetsInParallel = 1;
				LastSwiftUpdateCheck = 1420;
				LastUpgradeCheck = 1420;
				TargetAttributes = {
					77D9A8FA297319E5007A93E7 = {
						CreatedOnToolsVersion = 14.2;
					};
					77D9A913297319E7007A93E7 = {
						CreatedOnToolsVersion = 14.2;
						TestTargetID = 77D9A8FA297319E5007A93E7;
					};
					77D9A91D297319E7007A93E7 = {
						CreatedOnToolsVersion = 14.2;
						TestTargetID = 77D9A8FA297319E5007A93E7;
					};
				};
			};
			buildConfigurationList = 77D9A8F6297319E4007A93E7 /* Build configuration list for PBXProject "close2_3" */;
			compatibilityVersion = "Xcode 14.0";
			developmentRegion = en;
			hasScannedForEncodings = 0;
			knownRegions = (
				en,
				Base,
			);
			mainGroup = 77D9A8F2297319E4007A93E7;
			packageReferences = (
				FF41338829760CC80079766B /* XCRemoteSwiftPackageReference "firebase-ios-sdk" */,
			);
			productRefGroup = 77D9A8FC297319E5007A93E7 /* Products */;
			projectDirPath = "";
			projectRoot = "";
			targets = (
				77D9A8FA297319E5007A93E7 /* close2_3 */,
				77D9A913297319E7007A93E7 /* close2_3Tests */,
				77D9A91D297319E7007A93E7 /* close2_3UITests */,
			);
		};
/* End PBXProject section */

/* Begin PBXResourcesBuildPhase section */
		77D9A8F9297319E5007A93E7 /* Resources */ = {
			isa = PBXResourcesBuildPhase;
			buildActionMask = 2147483647;
			files = (
				77D9A90E297319E7007A93E7 /* LaunchScreen.storyboard in Resources */,
				FF4133C029760E020079766B /* GoogleService-Info.plist in Resources */,
				77D9A90B297319E7007A93E7 /* Assets.xcassets in Resources */,
				77D9A906297319E5007A93E7 /* Main.storyboard in Resources */,
			);
			runOnlyForDeploymentPostprocessing = 0;
		};
		77D9A912297319E7007A93E7 /* Resources */ = {
			isa = PBXResourcesBuildPhase;
			buildActionMask = 2147483647;
			files = (
				FF4133C129760E020079766B /* GoogleService-Info.plist in Resources */,
			);
			runOnlyForDeploymentPostprocessing = 0;
		};
		77D9A91C297319E7007A93E7 /* Resources */ = {
			isa = PBXResourcesBuildPhase;
			buildActionMask = 2147483647;
			files = (
				FF4133C229760E020079766B /* GoogleService-Info.plist in Resources */,
			);
			runOnlyForDeploymentPostprocessing = 0;
		};
/* End PBXResourcesBuildPhase section */

/* Begin PBXShellScriptBuildPhase section */
		36AA04BC88E07DA29A740FC0 /* [CP] Check Pods Manifest.lock */ = {
			isa = PBXShellScriptBuildPhase;
			buildActionMask = 2147483647;
			files = (
			);
			inputFileListPaths = (
			);
			inputPaths = (
				"${PODS_PODFILE_DIR_PATH}/Podfile.lock",
				"${PODS_ROOT}/Manifest.lock",
			);
			name = "[CP] Check Pods Manifest.lock";
			outputFileListPaths = (
			);
			outputPaths = (
				"$(DERIVED_FILE_DIR)/Pods-close2_3Tests-checkManifestLockResult.txt",
			);
			runOnlyForDeploymentPostprocessing = 0;
			shellPath = /bin/sh;
			shellScript = "diff \"${PODS_PODFILE_DIR_PATH}/Podfile.lock\" \"${PODS_ROOT}/Manifest.lock\" > /dev/null\nif [ $? != 0 ] ; then\n    # print error to STDERR\n    echo \"error: The sandbox is not in sync with the Podfile.lock. Run 'pod install' or update your CocoaPods installation.\" >&2\n    exit 1\nfi\n# This output is used by Xcode 'outputs' to avoid re-running this script phase.\necho \"SUCCESS\" > \"${SCRIPT_OUTPUT_FILE_0}\"\n";
			showEnvVarsInLog = 0;
		};
		4DA329A852A785C920E62B2A /* [CP] Copy Pods Resources */ = {
			isa = PBXShellScriptBuildPhase;
			buildActionMask = 2147483647;
			files = (
			);
			inputFileListPaths = (
				"${PODS_ROOT}/Target Support Files/Pods-close2_3-close2_3UITests/Pods-close2_3-close2_3UITests-resources-${CONFIGURATION}-input-files.xcfilelist",
			);
			name = "[CP] Copy Pods Resources";
			outputFileListPaths = (
				"${PODS_ROOT}/Target Support Files/Pods-close2_3-close2_3UITests/Pods-close2_3-close2_3UITests-resources-${CONFIGURATION}-output-files.xcfilelist",
			);
			runOnlyForDeploymentPostprocessing = 0;
			shellPath = /bin/sh;
			shellScript = "\"${PODS_ROOT}/Target Support Files/Pods-close2_3-close2_3UITests/Pods-close2_3-close2_3UITests-resources.sh\"\n";
			showEnvVarsInLog = 0;
		};
		5205D7369A1B4CAD472AF91C /* [CP] Copy Pods Resources */ = {
			isa = PBXShellScriptBuildPhase;
			buildActionMask = 2147483647;
			files = (
			);
			inputFileListPaths = (
				"${PODS_ROOT}/Target Support Files/Pods-close2_3/Pods-close2_3-resources-${CONFIGURATION}-input-files.xcfilelist",
			);
			name = "[CP] Copy Pods Resources";
			outputFileListPaths = (
				"${PODS_ROOT}/Target Support Files/Pods-close2_3/Pods-close2_3-resources-${CONFIGURATION}-output-files.xcfilelist",
			);
			runOnlyForDeploymentPostprocessing = 0;
			shellPath = /bin/sh;
			shellScript = "\"${PODS_ROOT}/Target Support Files/Pods-close2_3/Pods-close2_3-resources.sh\"\n";
			showEnvVarsInLog = 0;
		};
		971483D458081079F0384EF9 /* [CP] Check Pods Manifest.lock */ = {
			isa = PBXShellScriptBuildPhase;
			buildActionMask = 2147483647;
			files = (
			);
			inputFileListPaths = (
			);
			inputPaths = (
				"${PODS_PODFILE_DIR_PATH}/Podfile.lock",
				"${PODS_ROOT}/Manifest.lock",
			);
			name = "[CP] Check Pods Manifest.lock";
			outputFileListPaths = (
			);
			outputPaths = (
				"$(DERIVED_FILE_DIR)/Pods-close2_3-close2_3UITests-checkManifestLockResult.txt",
			);
			runOnlyForDeploymentPostprocessing = 0;
			shellPath = /bin/sh;
			shellScript = "diff \"${PODS_PODFILE_DIR_PATH}/Podfile.lock\" \"${PODS_ROOT}/Manifest.lock\" > /dev/null\nif [ $? != 0 ] ; then\n    # print error to STDERR\n    echo \"error: The sandbox is not in sync with the Podfile.lock. Run 'pod install' or update your CocoaPods installation.\" >&2\n    exit 1\nfi\n# This output is used by Xcode 'outputs' to avoid re-running this script phase.\necho \"SUCCESS\" > \"${SCRIPT_OUTPUT_FILE_0}\"\n";
			showEnvVarsInLog = 0;
		};
		DC74BBE3C6C5ADDCB2C462B3 /* [CP] Check Pods Manifest.lock */ = {
			isa = PBXShellScriptBuildPhase;
			buildActionMask = 2147483647;
			files = (
			);
			inputFileListPaths = (
			);
			inputPaths = (
				"${PODS_PODFILE_DIR_PATH}/Podfile.lock",
				"${PODS_ROOT}/Manifest.lock",
			);
			name = "[CP] Check Pods Manifest.lock";
			outputFileListPaths = (
			);
			outputPaths = (
				"$(DERIVED_FILE_DIR)/Pods-close2_3-checkManifestLockResult.txt",
			);
			runOnlyForDeploymentPostprocessing = 0;
			shellPath = /bin/sh;
			shellScript = "diff \"${PODS_PODFILE_DIR_PATH}/Podfile.lock\" \"${PODS_ROOT}/Manifest.lock\" > /dev/null\nif [ $? != 0 ] ; then\n    # print error to STDERR\n    echo \"error: The sandbox is not in sync with the Podfile.lock. Run 'pod install' or update your CocoaPods installation.\" >&2\n    exit 1\nfi\n# This output is used by Xcode 'outputs' to avoid re-running this script phase.\necho \"SUCCESS\" > \"${SCRIPT_OUTPUT_FILE_0}\"\n";
			showEnvVarsInLog = 0;
		};
/* End PBXShellScriptBuildPhase section */

/* Begin PBXSourcesBuildPhase section */
		77D9A8F7297319E5007A93E7 /* Sources */ = {
			isa = PBXSourcesBuildPhase;
			buildActionMask = 2147483647;
			files = (
				77D9A903297319E5007A93E7 /* ViewController.swift in Sources */,
				77D9A8FF297319E5007A93E7 /* AppDelegate.swift in Sources */,
				77D9A901297319E5007A93E7 /* SceneDelegate.swift in Sources */,
				77D9A909297319E5007A93E7 /* close2_3.xcdatamodeld in Sources */,
			);
			runOnlyForDeploymentPostprocessing = 0;
		};
		77D9A910297319E7007A93E7 /* Sources */ = {
			isa = PBXSourcesBuildPhase;
			buildActionMask = 2147483647;
			files = (
				77D9A919297319E7007A93E7 /* close2_3Tests.swift in Sources */,
			);
			runOnlyForDeploymentPostprocessing = 0;
		};
		77D9A91A297319E7007A93E7 /* Sources */ = {
			isa = PBXSourcesBuildPhase;
			buildActionMask = 2147483647;
			files = (
				77D9A925297319E7007A93E7 /* close2_3UITestsLaunchTests.swift in Sources */,
				77D9A923297319E7007A93E7 /* close2_3UITests.swift in Sources */,
			);
			runOnlyForDeploymentPostprocessing = 0;
		};
/* End PBXSourcesBuildPhase section */

/* Begin PBXTargetDependency section */
		77D9A916297319E7007A93E7 /* PBXTargetDependency */ = {
			isa = PBXTargetDependency;
			target = 77D9A8FA297319E5007A93E7 /* close2_3 */;
			targetProxy = 77D9A915297319E7007A93E7 /* PBXContainerItemProxy */;
		};
		77D9A920297319E7007A93E7 /* PBXTargetDependency */ = {
			isa = PBXTargetDependency;
			target = 77D9A8FA297319E5007A93E7 /* close2_3 */;
			targetProxy = 77D9A91F297319E7007A93E7 /* PBXContainerItemProxy */;
		};
/* End PBXTargetDependency section */

/* Begin PBXVariantGroup section */
		77D9A904297319E5007A93E7 /* Main.storyboard */ = {
			isa = PBXVariantGroup;
			children = (
				77D9A905297319E5007A93E7 /* Base */,
			);
			name = Main.storyboard;
			sourceTree = "<group>";
		};
		77D9A90C297319E7007A93E7 /* LaunchScreen.storyboard */ = {
			isa = PBXVariantGroup;
			children = (
				77D9A90D297319E7007A93E7 /* Base */,
			);
			name = LaunchScreen.storyboard;
			sourceTree = "<group>";
		};
/* End PBXVariantGroup section */

/* Begin XCBuildConfiguration section */
		77D9A926297319E7007A93E7 /* Debug */ = {
			isa = XCBuildConfiguration;
			buildSettings = {
				ALWAYS_SEARCH_USER_PATHS = NO;
				CLANG_ANALYZER_NONNULL = YES;
				CLANG_ANALYZER_NUMBER_OBJECT_CONVERSION = YES_AGGRESSIVE;
				CLANG_CXX_LANGUAGE_STANDARD = "gnu++20";
				CLANG_ENABLE_MODULES = YES;
				CLANG_ENABLE_OBJC_ARC = YES;
				CLANG_ENABLE_OBJC_WEAK = YES;
				CLANG_WARN_BLOCK_CAPTURE_AUTORELEASING = YES;
				CLANG_WARN_BOOL_CONVERSION = YES;
				CLANG_WARN_COMMA = YES;
				CLANG_WARN_CONSTANT_CONVERSION = YES;
				CLANG_WARN_DEPRECATED_OBJC_IMPLEMENTATIONS = YES;
				CLANG_WARN_DIRECT_OBJC_ISA_USAGE = YES_ERROR;
				CLANG_WARN_DOCUMENTATION_COMMENTS = YES;
				CLANG_WARN_EMPTY_BODY = YES;
				CLANG_WARN_ENUM_CONVERSION = YES;
				CLANG_WARN_INFINITE_RECURSION = YES;
				CLANG_WARN_INT_CONVERSION = YES;
				CLANG_WARN_NON_LITERAL_NULL_CONVERSION = YES;
				CLANG_WARN_OBJC_IMPLICIT_RETAIN_SELF = YES;
				CLANG_WARN_OBJC_LITERAL_CONVERSION = YES;
				CLANG_WARN_OBJC_ROOT_CLASS = YES_ERROR;
				CLANG_WARN_QUOTED_INCLUDE_IN_FRAMEWORK_HEADER = YES;
				CLANG_WARN_RANGE_LOOP_ANALYSIS = YES;
				CLANG_WARN_STRICT_PROTOTYPES = YES;
				CLANG_WARN_SUSPICIOUS_MOVE = YES;
				CLANG_WARN_UNGUARDED_AVAILABILITY = YES_AGGRESSIVE;
				CLANG_WARN_UNREACHABLE_CODE = YES;
				CLANG_WARN__DUPLICATE_METHOD_MATCH = YES;
				COPY_PHASE_STRIP = NO;
				DEBUG_INFORMATION_FORMAT = dwarf;
				ENABLE_STRICT_OBJC_MSGSEND = YES;
				ENABLE_TESTABILITY = YES;
				GCC_C_LANGUAGE_STANDARD = gnu11;
				GCC_DYNAMIC_NO_PIC = NO;
				GCC_NO_COMMON_BLOCKS = YES;
				GCC_OPTIMIZATION_LEVEL = 0;
				GCC_PREPROCESSOR_DEFINITIONS = (
					"DEBUG=1",
					"$(inherited)",
				);
				GCC_WARN_64_TO_32_BIT_CONVERSION = YES;
				GCC_WARN_ABOUT_RETURN_TYPE = YES_ERROR;
				GCC_WARN_UNDECLARED_SELECTOR = YES;
				GCC_WARN_UNINITIALIZED_AUTOS = YES_AGGRESSIVE;
				GCC_WARN_UNUSED_FUNCTION = YES;
				GCC_WARN_UNUSED_VARIABLE = YES;
				IPHONEOS_DEPLOYMENT_TARGET = 16.2;
				MTL_ENABLE_DEBUG_INFO = INCLUDE_SOURCE;
				MTL_FAST_MATH = YES;
				ONLY_ACTIVE_ARCH = YES;
				SDKROOT = iphoneos;
				SWIFT_ACTIVE_COMPILATION_CONDITIONS = DEBUG;
				SWIFT_OPTIMIZATION_LEVEL = "-Onone";
			};
			name = Debug;
		};
		77D9A927297319E7007A93E7 /* Release */ = {
			isa = XCBuildConfiguration;
			buildSettings = {
				ALWAYS_SEARCH_USER_PATHS = NO;
				CLANG_ANALYZER_NONNULL = YES;
				CLANG_ANALYZER_NUMBER_OBJECT_CONVERSION = YES_AGGRESSIVE;
				CLANG_CXX_LANGUAGE_STANDARD = "gnu++20";
				CLANG_ENABLE_MODULES = YES;
				CLANG_ENABLE_OBJC_ARC = YES;
				CLANG_ENABLE_OBJC_WEAK = YES;
				CLANG_WARN_BLOCK_CAPTURE_AUTORELEASING = YES;
				CLANG_WARN_BOOL_CONVERSION = YES;
				CLANG_WARN_COMMA = YES;
				CLANG_WARN_CONSTANT_CONVERSION = YES;
				CLANG_WARN_DEPRECATED_OBJC_IMPLEMENTATIONS = YES;
				CLANG_WARN_DIRECT_OBJC_ISA_USAGE = YES_ERROR;
				CLANG_WARN_DOCUMENTATION_COMMENTS = YES;
				CLANG_WARN_EMPTY_BODY = YES;
				CLANG_WARN_ENUM_CONVERSION = YES;
				CLANG_WARN_INFINITE_RECURSION = YES;
				CLANG_WARN_INT_CONVERSION = YES;
				CLANG_WARN_NON_LITERAL_NULL_CONVERSION = YES;
				CLANG_WARN_OBJC_IMPLICIT_RETAIN_SELF = YES;
				CLANG_WARN_OBJC_LITERAL_CONVERSION = YES;
				CLANG_WARN_OBJC_ROOT_CLASS = YES_ERROR;
				CLANG_WARN_QUOTED_INCLUDE_IN_FRAMEWORK_HEADER = YES;
				CLANG_WARN_RANGE_LOOP_ANALYSIS = YES;
				CLANG_WARN_STRICT_PROTOTYPES = YES;
				CLANG_WARN_SUSPICIOUS_MOVE = YES;
				CLANG_WARN_UNGUARDED_AVAILABILITY = YES_AGGRESSIVE;
				CLANG_WARN_UNREACHABLE_CODE = YES;
				CLANG_WARN__DUPLICATE_METHOD_MATCH = YES;
				COPY_PHASE_STRIP = NO;
				DEBUG_INFORMATION_FORMAT = "dwarf-with-dsym";
				ENABLE_NS_ASSERTIONS = NO;
				ENABLE_STRICT_OBJC_MSGSEND = YES;
				GCC_C_LANGUAGE_STANDARD = gnu11;
				GCC_NO_COMMON_BLOCKS = YES;
				GCC_WARN_64_TO_32_BIT_CONVERSION = YES;
				GCC_WARN_ABOUT_RETURN_TYPE = YES_ERROR;
				GCC_WARN_UNDECLARED_SELECTOR = YES;
				GCC_WARN_UNINITIALIZED_AUTOS = YES_AGGRESSIVE;
				GCC_WARN_UNUSED_FUNCTION = YES;
				GCC_WARN_UNUSED_VARIABLE = YES;
				IPHONEOS_DEPLOYMENT_TARGET = 16.2;
				MTL_ENABLE_DEBUG_INFO = NO;
				MTL_FAST_MATH = YES;
				SDKROOT = iphoneos;
				SWIFT_COMPILATION_MODE = wholemodule;
				SWIFT_OPTIMIZATION_LEVEL = "-O";
				VALIDATE_PRODUCT = YES;
			};
			name = Release;
		};
		77D9A929297319E7007A93E7 /* Debug */ = {
			isa = XCBuildConfiguration;
			baseConfigurationReference = 093132D2AC27021064BED20E /* Pods-close2_3.debug.xcconfig */;
			buildSettings = {
				ASSETCATALOG_COMPILER_APPICON_NAME = AppIcon;
				ASSETCATALOG_COMPILER_GLOBAL_ACCENT_COLOR_NAME = AccentColor;
				CODE_SIGN_STYLE = Automatic;
				CURRENT_PROJECT_VERSION = 1;
				GENERATE_INFOPLIST_FILE = YES;
				INFOPLIST_FILE = close2_3/Info.plist;
				INFOPLIST_KEY_UIApplicationSupportsIndirectInputEvents = YES;
				INFOPLIST_KEY_UILaunchStoryboardName = LaunchScreen;
				INFOPLIST_KEY_UIMainStoryboardFile = Main;
				INFOPLIST_KEY_UISupportedInterfaceOrientations_iPad = "UIInterfaceOrientationPortrait UIInterfaceOrientationPortraitUpsideDown UIInterfaceOrientationLandscapeLeft UIInterfaceOrientationLandscapeRight";
				INFOPLIST_KEY_UISupportedInterfaceOrientations_iPhone = "UIInterfaceOrientationPortrait UIInterfaceOrientationLandscapeLeft UIInterfaceOrientationLandscapeRight";
				LD_RUNPATH_SEARCH_PATHS = (
					"$(inherited)",
					"@executable_path/Frameworks",
				);
				MARKETING_VERSION = 1.0;
				PRODUCT_BUNDLE_IDENTIFIER = "f.close2-3";
				PRODUCT_NAME = "$(TARGET_NAME)";
				SWIFT_EMIT_LOC_STRINGS = YES;
				SWIFT_VERSION = 5.0;
				TARGETED_DEVICE_FAMILY = "1,2";
			};
			name = Debug;
		};
		77D9A92A297319E7007A93E7 /* Release */ = {
			isa = XCBuildConfiguration;
			baseConfigurationReference = 83E09DC109C3F56ACDBAA410 /* Pods-close2_3.release.xcconfig */;
			buildSettings = {
				ASSETCATALOG_COMPILER_APPICON_NAME = AppIcon;
				ASSETCATALOG_COMPILER_GLOBAL_ACCENT_COLOR_NAME = AccentColor;
				CODE_SIGN_STYLE = Automatic;
				CURRENT_PROJECT_VERSION = 1;
				GENERATE_INFOPLIST_FILE = YES;
				INFOPLIST_FILE = close2_3/Info.plist;
				INFOPLIST_KEY_UIApplicationSupportsIndirectInputEvents = YES;
				INFOPLIST_KEY_UILaunchStoryboardName = LaunchScreen;
				INFOPLIST_KEY_UIMainStoryboardFile = Main;
				INFOPLIST_KEY_UISupportedInterfaceOrientations_iPad = "UIInterfaceOrientationPortrait UIInterfaceOrientationPortraitUpsideDown UIInterfaceOrientationLandscapeLeft UIInterfaceOrientationLandscapeRight";
				INFOPLIST_KEY_UISupportedInterfaceOrientations_iPhone = "UIInterfaceOrientationPortrait UIInterfaceOrientationLandscapeLeft UIInterfaceOrientationLandscapeRight";
				LD_RUNPATH_SEARCH_PATHS = (
					"$(inherited)",
					"@executable_path/Frameworks",
				);
				MARKETING_VERSION = 1.0;
				PRODUCT_BUNDLE_IDENTIFIER = "f.close2-3";
				PRODUCT_NAME = "$(TARGET_NAME)";
				SWIFT_EMIT_LOC_STRINGS = YES;
				SWIFT_VERSION = 5.0;
				TARGETED_DEVICE_FAMILY = "1,2";
			};
			name = Release;
		};
		77D9A92C297319E7007A93E7 /* Debug */ = {
			isa = XCBuildConfiguration;
			baseConfigurationReference = 011C01ED146BDA5FA277631C /* Pods-close2_3Tests.debug.xcconfig */;
			buildSettings = {
				ALWAYS_EMBED_SWIFT_STANDARD_LIBRARIES = YES;
				BUNDLE_LOADER = "$(TEST_HOST)";
				CODE_SIGN_STYLE = Automatic;
				CURRENT_PROJECT_VERSION = 1;
				GENERATE_INFOPLIST_FILE = YES;
				IPHONEOS_DEPLOYMENT_TARGET = 16.2;
				MARKETING_VERSION = 1.0;
				PRODUCT_BUNDLE_IDENTIFIER = "f.close2-3Tests";
				PRODUCT_NAME = "$(TARGET_NAME)";
				SWIFT_EMIT_LOC_STRINGS = NO;
				SWIFT_VERSION = 5.0;
				TARGETED_DEVICE_FAMILY = "1,2";
				TEST_HOST = "$(BUILT_PRODUCTS_DIR)/close2_3.app/$(BUNDLE_EXECUTABLE_FOLDER_PATH)/close2_3";
			};
			name = Debug;
		};
		77D9A92D297319E7007A93E7 /* Release */ = {
			isa = XCBuildConfiguration;
			baseConfigurationReference = 2CE1ECF2ED8923D778A37FFA /* Pods-close2_3Tests.release.xcconfig */;
			buildSettings = {
				ALWAYS_EMBED_SWIFT_STANDARD_LIBRARIES = YES;
				BUNDLE_LOADER = "$(TEST_HOST)";
				CODE_SIGN_STYLE = Automatic;
				CURRENT_PROJECT_VERSION = 1;
				GENERATE_INFOPLIST_FILE = YES;
				IPHONEOS_DEPLOYMENT_TARGET = 16.2;
				MARKETING_VERSION = 1.0;
				PRODUCT_BUNDLE_IDENTIFIER = "f.close2-3Tests";
				PRODUCT_NAME = "$(TARGET_NAME)";
				SWIFT_EMIT_LOC_STRINGS = NO;
				SWIFT_VERSION = 5.0;
				TARGETED_DEVICE_FAMILY = "1,2";
				TEST_HOST = "$(BUILT_PRODUCTS_DIR)/close2_3.app/$(BUNDLE_EXECUTABLE_FOLDER_PATH)/close2_3";
			};
			name = Release;
		};
		77D9A92F297319E7007A93E7 /* Debug */ = {
			isa = XCBuildConfiguration;
			baseConfigurationReference = 8C5283934BC26896FCCD6357 /* Pods-close2_3-close2_3UITests.debug.xcconfig */;
			buildSettings = {
				ALWAYS_EMBED_SWIFT_STANDARD_LIBRARIES = YES;
				CODE_SIGN_STYLE = Automatic;
				CURRENT_PROJECT_VERSION = 1;
				GENERATE_INFOPLIST_FILE = YES;
				MARKETING_VERSION = 1.0;
				PRODUCT_BUNDLE_IDENTIFIER = "f.close2-3UITests";
				PRODUCT_NAME = "$(TARGET_NAME)";
				SWIFT_EMIT_LOC_STRINGS = NO;
				SWIFT_VERSION = 5.0;
				TARGETED_DEVICE_FAMILY = "1,2";
				TEST_TARGET_NAME = close2_3;
			};
			name = Debug;
		};
		77D9A930297319E7007A93E7 /* Release */ = {
			isa = XCBuildConfiguration;
			baseConfigurationReference = 7FAF133EB1290483DA083116 /* Pods-close2_3-close2_3UITests.release.xcconfig */;
			buildSettings = {
				ALWAYS_EMBED_SWIFT_STANDARD_LIBRARIES = YES;
				CODE_SIGN_STYLE = Automatic;
				CURRENT_PROJECT_VERSION = 1;
				GENERATE_INFOPLIST_FILE = YES;
				MARKETING_VERSION = 1.0;
				PRODUCT_BUNDLE_IDENTIFIER = "f.close2-3UITests";
				PRODUCT_NAME = "$(TARGET_NAME)";
				SWIFT_EMIT_LOC_STRINGS = NO;
				SWIFT_VERSION = 5.0;
				TARGETED_DEVICE_FAMILY = "1,2";
				TEST_TARGET_NAME = close2_3;
			};
			name = Release;
		};
/* End XCBuildConfiguration section */

/* Begin XCConfigurationList section */
		77D9A8F6297319E4007A93E7 /* Build configuration list for PBXProject "close2_3" */ = {
			isa = XCConfigurationList;
			buildConfigurations = (
				77D9A926297319E7007A93E7 /* Debug */,
				77D9A927297319E7007A93E7 /* Release */,
			);
			defaultConfigurationIsVisible = 0;
			defaultConfigurationName = Release;
		};
		77D9A928297319E7007A93E7 /* Build configuration list for PBXNativeTarget "close2_3" */ = {
			isa = XCConfigurationList;
			buildConfigurations = (
				77D9A929297319E7007A93E7 /* Debug */,
				77D9A92A297319E7007A93E7 /* Release */,
			);
			defaultConfigurationIsVisible = 0;
			defaultConfigurationName = Release;
		};
		77D9A92B297319E7007A93E7 /* Build configuration list for PBXNativeTarget "close2_3Tests" */ = {
			isa = XCConfigurationList;
			buildConfigurations = (
				77D9A92C297319E7007A93E7 /* Debug */,
				77D9A92D297319E7007A93E7 /* Release */,
			);
			defaultConfigurationIsVisible = 0;
			defaultConfigurationName = Release;
		};
		77D9A92E297319E7007A93E7 /* Build configuration list for PBXNativeTarget "close2_3UITests" */ = {
			isa = XCConfigurationList;
			buildConfigurations = (
				77D9A92F297319E7007A93E7 /* Debug */,
				77D9A930297319E7007A93E7 /* Release */,
			);
			defaultConfigurationIsVisible = 0;
			defaultConfigurationName = Release;
		};
/* End XCConfigurationList section */

/* Begin XCRemoteSwiftPackageReference section */
		FF41338829760CC80079766B /* XCRemoteSwiftPackageReference "firebase-ios-sdk" */ = {
			isa = XCRemoteSwiftPackageReference;
			repositoryURL = "https://github.com/firebase/firebase-ios-sdk";
			requirement = {
				kind = upToNextMajorVersion;
				minimumVersion = 9.0.0;
			};
		};
/* End XCRemoteSwiftPackageReference section */

/* Begin XCSwiftPackageProductDependency section */
		FF41338929760CC80079766B /* FirebaseAnalytics */ = {
			isa = XCSwiftPackageProductDependency;
			package = FF41338829760CC80079766B /* XCRemoteSwiftPackageReference "firebase-ios-sdk" */;
			productName = FirebaseAnalytics;
		};
		FF41338B29760CC80079766B /* FirebaseAnalyticsOnDeviceConversion */ = {
			isa = XCSwiftPackageProductDependency;
			package = FF41338829760CC80079766B /* XCRemoteSwiftPackageReference "firebase-ios-sdk" */;
			productName = FirebaseAnalyticsOnDeviceConversion;
		};
		FF41338D29760CC80079766B /* FirebaseAnalyticsSwift */ = {
			isa = XCSwiftPackageProductDependency;
			package = FF41338829760CC80079766B /* XCRemoteSwiftPackageReference "firebase-ios-sdk" */;
			productName = FirebaseAnalyticsSwift;
		};
		FF41338F29760CC80079766B /* FirebaseAnalyticsWithoutAdIdSupport */ = {
			isa = XCSwiftPackageProductDependency;
			package = FF41338829760CC80079766B /* XCRemoteSwiftPackageReference "firebase-ios-sdk" */;
			productName = FirebaseAnalyticsWithoutAdIdSupport;
		};
		FF41339129760CC80079766B /* FirebaseAppCheck */ = {
			isa = XCSwiftPackageProductDependency;
			package = FF41338829760CC80079766B /* XCRemoteSwiftPackageReference "firebase-ios-sdk" */;
			productName = FirebaseAppCheck;
		};
		FF41339329760CC80079766B /* FirebaseAppDistribution-Beta */ = {
			isa = XCSwiftPackageProductDependency;
			package = FF41338829760CC80079766B /* XCRemoteSwiftPackageReference "firebase-ios-sdk" */;
			productName = "FirebaseAppDistribution-Beta";
		};
		FF41339529760CC80079766B /* FirebaseAuth */ = {
			isa = XCSwiftPackageProductDependency;
			package = FF41338829760CC80079766B /* XCRemoteSwiftPackageReference "firebase-ios-sdk" */;
			productName = FirebaseAuth;
		};
		FF41339729760CC80079766B /* FirebaseAuthCombine-Community */ = {
			isa = XCSwiftPackageProductDependency;
			package = FF41338829760CC80079766B /* XCRemoteSwiftPackageReference "firebase-ios-sdk" */;
			productName = "FirebaseAuthCombine-Community";
		};
		FF41339929760CC80079766B /* FirebaseCrashlytics */ = {
			isa = XCSwiftPackageProductDependency;
			package = FF41338829760CC80079766B /* XCRemoteSwiftPackageReference "firebase-ios-sdk" */;
			productName = FirebaseCrashlytics;
		};
		FF41339B29760CC80079766B /* FirebaseDatabase */ = {
			isa = XCSwiftPackageProductDependency;
			package = FF41338829760CC80079766B /* XCRemoteSwiftPackageReference "firebase-ios-sdk" */;
			productName = FirebaseDatabase;
		};
		FF41339D29760CC80079766B /* FirebaseDatabaseSwift */ = {
			isa = XCSwiftPackageProductDependency;
			package = FF41338829760CC80079766B /* XCRemoteSwiftPackageReference "firebase-ios-sdk" */;
			productName = FirebaseDatabaseSwift;
		};
		FF41339F29760CC80079766B /* FirebaseDynamicLinks */ = {
			isa = XCSwiftPackageProductDependency;
			package = FF41338829760CC80079766B /* XCRemoteSwiftPackageReference "firebase-ios-sdk" */;
			productName = FirebaseDynamicLinks;
		};
		FF4133A129760CC80079766B /* FirebaseFirestore */ = {
			isa = XCSwiftPackageProductDependency;
			package = FF41338829760CC80079766B /* XCRemoteSwiftPackageReference "firebase-ios-sdk" */;
			productName = FirebaseFirestore;
		};
		FF4133A329760CC80079766B /* FirebaseFirestoreCombine-Community */ = {
			isa = XCSwiftPackageProductDependency;
			package = FF41338829760CC80079766B /* XCRemoteSwiftPackageReference "firebase-ios-sdk" */;
			productName = "FirebaseFirestoreCombine-Community";
		};
		FF4133A529760CC80079766B /* FirebaseFirestoreSwift */ = {
			isa = XCSwiftPackageProductDependency;
			package = FF41338829760CC80079766B /* XCRemoteSwiftPackageReference "firebase-ios-sdk" */;
			productName = FirebaseFirestoreSwift;
		};
		FF4133A729760CC80079766B /* FirebaseFunctions */ = {
			isa = XCSwiftPackageProductDependency;
			package = FF41338829760CC80079766B /* XCRemoteSwiftPackageReference "firebase-ios-sdk" */;
			productName = FirebaseFunctions;
		};
		FF4133A929760CC80079766B /* FirebaseFunctionsCombine-Community */ = {
			isa = XCSwiftPackageProductDependency;
			package = FF41338829760CC80079766B /* XCRemoteSwiftPackageReference "firebase-ios-sdk" */;
			productName = "FirebaseFunctionsCombine-Community";
		};
		FF4133AB29760CC80079766B /* FirebaseInAppMessaging-Beta */ = {
			isa = XCSwiftPackageProductDependency;
			package = FF41338829760CC80079766B /* XCRemoteSwiftPackageReference "firebase-ios-sdk" */;
			productName = "FirebaseInAppMessaging-Beta";
		};
		FF4133AD29760CC80079766B /* FirebaseInAppMessagingSwift-Beta */ = {
			isa = XCSwiftPackageProductDependency;
			package = FF41338829760CC80079766B /* XCRemoteSwiftPackageReference "firebase-ios-sdk" */;
			productName = "FirebaseInAppMessagingSwift-Beta";
		};
		FF4133AF29760CC80079766B /* FirebaseInstallations */ = {
			isa = XCSwiftPackageProductDependency;
			package = FF41338829760CC80079766B /* XCRemoteSwiftPackageReference "firebase-ios-sdk" */;
			productName = FirebaseInstallations;
		};
		FF4133B129760CC80079766B /* FirebaseMLModelDownloader */ = {
			isa = XCSwiftPackageProductDependency;
			package = FF41338829760CC80079766B /* XCRemoteSwiftPackageReference "firebase-ios-sdk" */;
			productName = FirebaseMLModelDownloader;
		};
		FF4133B329760CC80079766B /* FirebaseMessaging */ = {
			isa = XCSwiftPackageProductDependency;
			package = FF41338829760CC80079766B /* XCRemoteSwiftPackageReference "firebase-ios-sdk" */;
			productName = FirebaseMessaging;
		};
		FF4133B529760CC80079766B /* FirebasePerformance */ = {
			isa = XCSwiftPackageProductDependency;
			package = FF41338829760CC80079766B /* XCRemoteSwiftPackageReference "firebase-ios-sdk" */;
			productName = FirebasePerformance;
		};
		FF4133B729760CC80079766B /* FirebaseRemoteConfig */ = {
			isa = XCSwiftPackageProductDependency;
			package = FF41338829760CC80079766B /* XCRemoteSwiftPackageReference "firebase-ios-sdk" */;
			productName = FirebaseRemoteConfig;
		};
		FF4133B929760CC80079766B /* FirebaseRemoteConfigSwift */ = {
			isa = XCSwiftPackageProductDependency;
			package = FF41338829760CC80079766B /* XCRemoteSwiftPackageReference "firebase-ios-sdk" */;
			productName = FirebaseRemoteConfigSwift;
		};
		FF4133BB29760CC90079766B /* FirebaseStorage */ = {
			isa = XCSwiftPackageProductDependency;
			package = FF41338829760CC80079766B /* XCRemoteSwiftPackageReference "firebase-ios-sdk" */;
			productName = FirebaseStorage;
		};
		FF4133BD29760CC90079766B /* FirebaseStorageCombine-Community */ = {
			isa = XCSwiftPackageProductDependency;
			package = FF41338829760CC80079766B /* XCRemoteSwiftPackageReference "firebase-ios-sdk" */;
			productName = "FirebaseStorageCombine-Community";
		};
/* End XCSwiftPackageProductDependency section */

/* Begin XCVersionGroup section */
		77D9A907297319E5007A93E7 /* close2_3.xcdatamodeld */ = {
			isa = XCVersionGroup;
			children = (
				77D9A908297319E5007A93E7 /* close2_3.xcdatamodel */,
			);
			currentVersion = 77D9A908297319E5007A93E7 /* close2_3.xcdatamodel */;
			path = close2_3.xcdatamodeld;
			sourceTree = "<group>";
			versionGroupType = wrapper.xcdatamodel;
		};
/* End XCVersionGroup section */
	};
	rootObject = 77D9A8F3297319E4007A93E7 /* Project object */;
}
