// !$*UTF8*$!
{
	archiveVersion = 1;
	classes = {
	};
	objectVersion = 56;
	objects = {

/* Begin PBXBuildFile section */
		01E186EEF2DB2B38308D27F2 /* libPods-close2_3.a in Frameworks */ = {isa = PBXBuildFile; fileRef = 348434960E4F689E1B483CE8 /* libPods-close2_3.a */; };
		035D9274721A13AFDAA4F009 /* libPods-close2_3-close2_3UITests.a in Frameworks */ = {isa = PBXBuildFile; fileRef = 1672220C3594708B4A08154C /* libPods-close2_3-close2_3UITests.a */; };
		04E66AA729743194005B21B1 /* WelcomeViewController.swift in Sources */ = {isa = PBXBuildFile; fileRef = 04E66AA629743194005B21B1 /* WelcomeViewController.swift */; };
		04E66AA9297431B2005B21B1 /* MapViewController.swift in Sources */ = {isa = PBXBuildFile; fileRef = 04E66AA8297431B2005B21B1 /* MapViewController.swift */; };
		04F4E0C4297709F000EC9D66 /* ProfileViewController.swift in Sources */ = {isa = PBXBuildFile; fileRef = 04F4E0C3297709F000EC9D66 /* ProfileViewController.swift */; };
		04F4E0C629770A2000EC9D66 /* AddFriendViewController.swift in Sources */ = {isa = PBXBuildFile; fileRef = 04F4E0C529770A2000EC9D66 /* AddFriendViewController.swift */; };
		65F89A78439704F2B8B4CCA1 /* libPods-close2_3Tests.a in Frameworks */ = {isa = PBXBuildFile; fileRef = 040DB1BE8ECAC36E56164111 /* libPods-close2_3Tests.a */; };
		77D9A8FF297319E5007A93E7 /* AppDelegate.swift in Sources */ = {isa = PBXBuildFile; fileRef = 77D9A8FE297319E5007A93E7 /* AppDelegate.swift */; };
		77D9A901297319E5007A93E7 /* SceneDelegate.swift in Sources */ = {isa = PBXBuildFile; fileRef = 77D9A900297319E5007A93E7 /* SceneDelegate.swift */; };
		77D9A903297319E5007A93E7 /* ViewController.swift in Sources */ = {isa = PBXBuildFile; fileRef = 77D9A902297319E5007A93E7 /* ViewController.swift */; };
		77D9A906297319E5007A93E7 /* Main.storyboard in Resources */ = {isa = PBXBuildFile; fileRef = 77D9A904297319E5007A93E7 /* Main.storyboard */; };
		77D9A909297319E5007A93E7 /* close2_3.xcdatamodeld in Sources */ = {isa = PBXBuildFile; fileRef = 77D9A907297319E5007A93E7 /* close2_3.xcdatamodeld */; };
		77D9A90B297319E7007A93E7 /* Assets.xcassets in Resources */ = {isa = PBXBuildFile; fileRef = 77D9A90A297319E7007A93E7 /* Assets.xcassets */; };
		77D9A90E297319E7007A93E7 /* LaunchScreen.storyboard in Resources */ = {isa = PBXBuildFile; fileRef = 77D9A90C297319E7007A93E7 /* LaunchScreen.storyboard */; };
		77D9A919297319E7007A93E7 /* close2_3Tests.swift in Sources */ = {isa = PBXBuildFile; fileRef = 77D9A918297319E7007A93E7 /* close2_3Tests.swift */; };
		77D9A923297319E7007A93E7 /* close2_3UITests.swift in Sources */ = {isa = PBXBuildFile; fileRef = 77D9A922297319E7007A93E7 /* close2_3UITests.swift */; };
		77D9A925297319E7007A93E7 /* close2_3UITestsLaunchTests.swift in Sources */ = {isa = PBXBuildFile; fileRef = 77D9A924297319E7007A93E7 /* close2_3UITestsLaunchTests.swift */; };
/* End PBXBuildFile section */

/* Begin PBXContainerItemProxy section */
		77D9A915297319E7007A93E7 /* PBXContainerItemProxy */ = {
			isa = PBXContainerItemProxy;
			containerPortal = 77D9A8F3297319E4007A93E7 /* Project object */;
			proxyType = 1;
			remoteGlobalIDString = 77D9A8FA297319E5007A93E7;
			remoteInfo = close2_3;
		};
		77D9A91F297319E7007A93E7 /* PBXContainerItemProxy */ = {
			isa = PBXContainerItemProxy;
			containerPortal = 77D9A8F3297319E4007A93E7 /* Project object */;
			proxyType = 1;
			remoteGlobalIDString = 77D9A8FA297319E5007A93E7;
			remoteInfo = close2_3;
		};
/* End PBXContainerItemProxy section */

/* Begin PBXFileReference section */
		040DB1BE8ECAC36E56164111 /* libPods-close2_3Tests.a */ = {isa = PBXFileReference; explicitFileType = archive.ar; includeInIndex = 0; path = "libPods-close2_3Tests.a"; sourceTree = BUILT_PRODUCTS_DIR; };
		04E66AA629743194005B21B1 /* WelcomeViewController.swift */ = {isa = PBXFileReference; lastKnownFileType = sourcecode.swift; path = WelcomeViewController.swift; sourceTree = "<group>"; };
		04E66AA8297431B2005B21B1 /* MapViewController.swift */ = {isa = PBXFileReference; lastKnownFileType = sourcecode.swift; path = MapViewController.swift; sourceTree = "<group>"; };
		04F4E0C3297709F000EC9D66 /* ProfileViewController.swift */ = {isa = PBXFileReference; lastKnownFileType = sourcecode.swift; path = ProfileViewController.swift; sourceTree = "<group>"; };
		04F4E0C529770A2000EC9D66 /* AddFriendViewController.swift */ = {isa = PBXFileReference; lastKnownFileType = sourcecode.swift; path = AddFriendViewController.swift; sourceTree = "<group>"; };
		1672220C3594708B4A08154C /* libPods-close2_3-close2_3UITests.a */ = {isa = PBXFileReference; explicitFileType = archive.ar; includeInIndex = 0; path = "libPods-close2_3-close2_3UITests.a"; sourceTree = BUILT_PRODUCTS_DIR; };
		1DD4342ED691705917366336 /* Pods-close2_3.debug.xcconfig */ = {isa = PBXFileReference; includeInIndex = 1; lastKnownFileType = text.xcconfig; name = "Pods-close2_3.debug.xcconfig"; path = "Target Support Files/Pods-close2_3/Pods-close2_3.debug.xcconfig"; sourceTree = "<group>"; };
		348434960E4F689E1B483CE8 /* libPods-close2_3.a */ = {isa = PBXFileReference; explicitFileType = archive.ar; includeInIndex = 0; path = "libPods-close2_3.a"; sourceTree = BUILT_PRODUCTS_DIR; };
		47CFC49E2976AB91006994B7 /* map.json */ = {isa = PBXFileReference; lastKnownFileType = text.json; path = map.json; sourceTree = "<group>"; };
		54FA5CBA800947447EE50707 /* Pods-close2_3-close2_3UITests.debug.xcconfig */ = {isa = PBXFileReference; includeInIndex = 1; lastKnownFileType = text.xcconfig; name = "Pods-close2_3-close2_3UITests.debug.xcconfig"; path = "Target Support Files/Pods-close2_3-close2_3UITests/Pods-close2_3-close2_3UITests.debug.xcconfig"; sourceTree = "<group>"; };
		60E240D27F67E9F3C3635E1F /* Pods-close2_3Tests.release.xcconfig */ = {isa = PBXFileReference; includeInIndex = 1; lastKnownFileType = text.xcconfig; name = "Pods-close2_3Tests.release.xcconfig"; path = "Target Support Files/Pods-close2_3Tests/Pods-close2_3Tests.release.xcconfig"; sourceTree = "<group>"; };
		77D9A8FB297319E5007A93E7 /* close2_3.app */ = {isa = PBXFileReference; explicitFileType = wrapper.application; includeInIndex = 0; path = close2_3.app; sourceTree = BUILT_PRODUCTS_DIR; };
		77D9A8FE297319E5007A93E7 /* AppDelegate.swift */ = {isa = PBXFileReference; lastKnownFileType = sourcecode.swift; path = AppDelegate.swift; sourceTree = "<group>"; };
		77D9A900297319E5007A93E7 /* SceneDelegate.swift */ = {isa = PBXFileReference; lastKnownFileType = sourcecode.swift; path = SceneDelegate.swift; sourceTree = "<group>"; };
		77D9A902297319E5007A93E7 /* ViewController.swift */ = {isa = PBXFileReference; lastKnownFileType = sourcecode.swift; path = ViewController.swift; sourceTree = "<group>"; };
		77D9A905297319E5007A93E7 /* Base */ = {isa = PBXFileReference; lastKnownFileType = file.storyboard; name = Base; path = Base.lproj/Main.storyboard; sourceTree = "<group>"; };
		77D9A908297319E5007A93E7 /* close2_3.xcdatamodel */ = {isa = PBXFileReference; lastKnownFileType = wrapper.xcdatamodel; path = close2_3.xcdatamodel; sourceTree = "<group>"; };
		77D9A90A297319E7007A93E7 /* Assets.xcassets */ = {isa = PBXFileReference; lastKnownFileType = folder.assetcatalog; path = Assets.xcassets; sourceTree = "<group>"; };
		77D9A90D297319E7007A93E7 /* Base */ = {isa = PBXFileReference; lastKnownFileType = file.storyboard; name = Base; path = Base.lproj/LaunchScreen.storyboard; sourceTree = "<group>"; };
		77D9A90F297319E7007A93E7 /* Info.plist */ = {isa = PBXFileReference; lastKnownFileType = text.plist.xml; path = Info.plist; sourceTree = "<group>"; };
		77D9A914297319E7007A93E7 /* close2_3Tests.xctest */ = {isa = PBXFileReference; explicitFileType = wrapper.cfbundle; includeInIndex = 0; path = close2_3Tests.xctest; sourceTree = BUILT_PRODUCTS_DIR; };
		77D9A918297319E7007A93E7 /* close2_3Tests.swift */ = {isa = PBXFileReference; lastKnownFileType = sourcecode.swift; path = close2_3Tests.swift; sourceTree = "<group>"; };
		77D9A91E297319E7007A93E7 /* close2_3UITests.xctest */ = {isa = PBXFileReference; explicitFileType = wrapper.cfbundle; includeInIndex = 0; path = close2_3UITests.xctest; sourceTree = BUILT_PRODUCTS_DIR; };
		77D9A922297319E7007A93E7 /* close2_3UITests.swift */ = {isa = PBXFileReference; lastKnownFileType = sourcecode.swift; path = close2_3UITests.swift; sourceTree = "<group>"; };
		77D9A924297319E7007A93E7 /* close2_3UITestsLaunchTests.swift */ = {isa = PBXFileReference; lastKnownFileType = sourcecode.swift; path = close2_3UITestsLaunchTests.swift; sourceTree = "<group>"; };
		984081091C7FD165B0B54438 /* Pods-close2_3Tests.debug.xcconfig */ = {isa = PBXFileReference; includeInIndex = 1; lastKnownFileType = text.xcconfig; name = "Pods-close2_3Tests.debug.xcconfig"; path = "Target Support Files/Pods-close2_3Tests/Pods-close2_3Tests.debug.xcconfig"; sourceTree = "<group>"; };
		B84EF27FE60881B77135C77F /* Pods-close2_3.release.xcconfig */ = {isa = PBXFileReference; includeInIndex = 1; lastKnownFileType = text.xcconfig; name = "Pods-close2_3.release.xcconfig"; path = "Target Support Files/Pods-close2_3/Pods-close2_3.release.xcconfig"; sourceTree = "<group>"; };
		DB77BBF3760FE17D4EB59DD5 /* Pods-close2_3-close2_3UITests.release.xcconfig */ = {isa = PBXFileReference; includeInIndex = 1; lastKnownFileType = text.xcconfig; name = "Pods-close2_3-close2_3UITests.release.xcconfig"; path = "Target Support Files/Pods-close2_3-close2_3UITests/Pods-close2_3-close2_3UITests.release.xcconfig"; sourceTree = "<group>"; };
/* End PBXFileReference section */

/* Begin PBXFrameworksBuildPhase section */
		77D9A8F8297319E5007A93E7 /* Frameworks */ = {
			isa = PBXFrameworksBuildPhase;
			buildActionMask = 2147483647;
			files = (
				01E186EEF2DB2B38308D27F2 /* libPods-close2_3.a in Frameworks */,
			);
			runOnlyForDeploymentPostprocessing = 0;
		};
		77D9A911297319E7007A93E7 /* Frameworks */ = {
			isa = PBXFrameworksBuildPhase;
			buildActionMask = 2147483647;
			files = (
				65F89A78439704F2B8B4CCA1 /* libPods-close2_3Tests.a in Frameworks */,
			);
			runOnlyForDeploymentPostprocessing = 0;
		};
		77D9A91B297319E7007A93E7 /* Frameworks */ = {
			isa = PBXFrameworksBuildPhase;
			buildActionMask = 2147483647;
			files = (
				035D9274721A13AFDAA4F009 /* libPods-close2_3-close2_3UITests.a in Frameworks */,
			);
			runOnlyForDeploymentPostprocessing = 0;
		};
/* End PBXFrameworksBuildPhase section */

/* Begin PBXGroup section */
		2FAF658BE66C46206DEA7F9F /* Frameworks */ = {
			isa = PBXGroup;
			children = (
				348434960E4F689E1B483CE8 /* libPods-close2_3.a */,
				1672220C3594708B4A08154C /* libPods-close2_3-close2_3UITests.a */,
				040DB1BE8ECAC36E56164111 /* libPods-close2_3Tests.a */,
			);
			name = Frameworks;
			sourceTree = "<group>";
		};
		41EBAEA8222947B1E1523FD1 /* Pods */ = {
			isa = PBXGroup;
			children = (
				1DD4342ED691705917366336 /* Pods-close2_3.debug.xcconfig */,
				B84EF27FE60881B77135C77F /* Pods-close2_3.release.xcconfig */,
				54FA5CBA800947447EE50707 /* Pods-close2_3-close2_3UITests.debug.xcconfig */,
				DB77BBF3760FE17D4EB59DD5 /* Pods-close2_3-close2_3UITests.release.xcconfig */,
				984081091C7FD165B0B54438 /* Pods-close2_3Tests.debug.xcconfig */,
				60E240D27F67E9F3C3635E1F /* Pods-close2_3Tests.release.xcconfig */,
			);
			path = Pods;
			sourceTree = "<group>";
		};
		77D9A8F2297319E4007A93E7 = {
			isa = PBXGroup;
			children = (
				77D9A8FD297319E5007A93E7 /* close2_3 */,
				77D9A917297319E7007A93E7 /* close2_3Tests */,
				77D9A921297319E7007A93E7 /* close2_3UITests */,
				77D9A8FC297319E5007A93E7 /* Products */,
				41EBAEA8222947B1E1523FD1 /* Pods */,
				2FAF658BE66C46206DEA7F9F /* Frameworks */,
			);
			sourceTree = "<group>";
		};
		77D9A8FC297319E5007A93E7 /* Products */ = {
			isa = PBXGroup;
			children = (
				77D9A8FB297319E5007A93E7 /* close2_3.app */,
				77D9A914297319E7007A93E7 /* close2_3Tests.xctest */,
				77D9A91E297319E7007A93E7 /* close2_3UITests.xctest */,
			);
			name = Products;
			sourceTree = "<group>";
		};
		77D9A8FD297319E5007A93E7 /* close2_3 */ = {
			isa = PBXGroup;
			children = (
				77D9A8FE297319E5007A93E7 /* AppDelegate.swift */,
				77D9A900297319E5007A93E7 /* SceneDelegate.swift */,
				77D9A902297319E5007A93E7 /* ViewController.swift */,
				77D9A904297319E5007A93E7 /* Main.storyboard */,
				04E66AA8297431B2005B21B1 /* MapViewController.swift */,
				04E66AA629743194005B21B1 /* WelcomeViewController.swift */,
				04F4E0C3297709F000EC9D66 /* ProfileViewController.swift */,
				04F4E0C529770A2000EC9D66 /* AddFriendViewController.swift */,
				77D9A90A297319E7007A93E7 /* Assets.xcassets */,
				77D9A90C297319E7007A93E7 /* LaunchScreen.storyboard */,
				77D9A90F297319E7007A93E7 /* Info.plist */,
				77D9A907297319E5007A93E7 /* close2_3.xcdatamodeld */,
				47CFC49E2976AB91006994B7 /* map.json */,
			);
			path = close2_3;
			sourceTree = "<group>";
		};
		77D9A917297319E7007A93E7 /* close2_3Tests */ = {
			isa = PBXGroup;
			children = (
				77D9A918297319E7007A93E7 /* close2_3Tests.swift */,
			);
			path = close2_3Tests;
			sourceTree = "<group>";
		};
		77D9A921297319E7007A93E7 /* close2_3UITests */ = {
			isa = PBXGroup;
			children = (
				77D9A922297319E7007A93E7 /* close2_3UITests.swift */,
				77D9A924297319E7007A93E7 /* close2_3UITestsLaunchTests.swift */,
			);
			path = close2_3UITests;
			sourceTree = "<group>";
		};
/* End PBXGroup section */

/* Begin PBXNativeTarget section */
		77D9A8FA297319E5007A93E7 /* close2_3 */ = {
			isa = PBXNativeTarget;
			buildConfigurationList = 77D9A928297319E7007A93E7 /* Build configuration list for PBXNativeTarget "close2_3" */;
			buildPhases = (
				96D1E230B337A1A3C19A6416 /* [CP] Check Pods Manifest.lock */,
				77D9A8F7297319E5007A93E7 /* Sources */,
				77D9A8F8297319E5007A93E7 /* Frameworks */,
				77D9A8F9297319E5007A93E7 /* Resources */,
				AEFE75B61AC9BEF0AFAEB806 /* [CP] Copy Pods Resources */,
			);
			buildRules = (
			);
			dependencies = (
			);
			name = close2_3;
			productName = close2_3;
			productReference = 77D9A8FB297319E5007A93E7 /* close2_3.app */;
			productType = "com.apple.product-type.application";
		};
		77D9A913297319E7007A93E7 /* close2_3Tests */ = {
			isa = PBXNativeTarget;
			buildConfigurationList = 77D9A92B297319E7007A93E7 /* Build configuration list for PBXNativeTarget "close2_3Tests" */;
			buildPhases = (
				0B9208C6E1C0C9506CE3B30C /* [CP] Check Pods Manifest.lock */,
				77D9A910297319E7007A93E7 /* Sources */,
				77D9A911297319E7007A93E7 /* Frameworks */,
				77D9A912297319E7007A93E7 /* Resources */,
			);
			buildRules = (
			);
			dependencies = (
				77D9A916297319E7007A93E7 /* PBXTargetDependency */,
			);
			name = close2_3Tests;
			productName = close2_3Tests;
			productReference = 77D9A914297319E7007A93E7 /* close2_3Tests.xctest */;
			productType = "com.apple.product-type.bundle.unit-test";
		};
		77D9A91D297319E7007A93E7 /* close2_3UITests */ = {
			isa = PBXNativeTarget;
			buildConfigurationList = 77D9A92E297319E7007A93E7 /* Build configuration list for PBXNativeTarget "close2_3UITests" */;
			buildPhases = (
				122617C5D8BF9072C9391D13 /* [CP] Check Pods Manifest.lock */,
				77D9A91A297319E7007A93E7 /* Sources */,
				77D9A91B297319E7007A93E7 /* Frameworks */,
				77D9A91C297319E7007A93E7 /* Resources */,
				3F56B7E3C7495AD47321E5E2 /* [CP] Copy Pods Resources */,
			);
			buildRules = (
			);
			dependencies = (
				77D9A920297319E7007A93E7 /* PBXTargetDependency */,
			);
			name = close2_3UITests;
			productName = close2_3UITests;
			productReference = 77D9A91E297319E7007A93E7 /* close2_3UITests.xctest */;
			productType = "com.apple.product-type.bundle.ui-testing";
		};
/* End PBXNativeTarget section */

/* Begin PBXProject section */
		77D9A8F3297319E4007A93E7 /* Project object */ = {
			isa = PBXProject;
			attributes = {
				BuildIndependentTargetsInParallel = 1;
				LastSwiftUpdateCheck = 1420;
				LastUpgradeCheck = 1420;
				TargetAttributes = {
					77D9A8FA297319E5007A93E7 = {
						CreatedOnToolsVersion = 14.2;
					};
					77D9A913297319E7007A93E7 = {
						CreatedOnToolsVersion = 14.2;
						TestTargetID = 77D9A8FA297319E5007A93E7;
					};
					77D9A91D297319E7007A93E7 = {
						CreatedOnToolsVersion = 14.2;
						TestTargetID = 77D9A8FA297319E5007A93E7;
					};
				};
			};
			buildConfigurationList = 77D9A8F6297319E4007A93E7 /* Build configuration list for PBXProject "close2_3" */;
			compatibilityVersion = "Xcode 14.0";
			developmentRegion = en;
			hasScannedForEncodings = 0;
			knownRegions = (
				en,
				Base,
			);
			mainGroup = 77D9A8F2297319E4007A93E7;
			productRefGroup = 77D9A8FC297319E5007A93E7 /* Products */;
			projectDirPath = "";
			projectRoot = "";
			targets = (
				77D9A8FA297319E5007A93E7 /* close2_3 */,
				77D9A913297319E7007A93E7 /* close2_3Tests */,
				77D9A91D297319E7007A93E7 /* close2_3UITests */,
			);
		};
/* End PBXProject section */

/* Begin PBXResourcesBuildPhase section */
		77D9A8F9297319E5007A93E7 /* Resources */ = {
			isa = PBXResourcesBuildPhase;
			buildActionMask = 2147483647;
			files = (
				77D9A90E297319E7007A93E7 /* LaunchScreen.storyboard in Resources */,
				77D9A90B297319E7007A93E7 /* Assets.xcassets in Resources */,
				77D9A906297319E5007A93E7 /* Main.storyboard in Resources */,
			);
			runOnlyForDeploymentPostprocessing = 0;
		};
		77D9A912297319E7007A93E7 /* Resources */ = {
			isa = PBXResourcesBuildPhase;
			buildActionMask = 2147483647;
			files = (
			);
			runOnlyForDeploymentPostprocessing = 0;
		};
		77D9A91C297319E7007A93E7 /* Resources */ = {
			isa = PBXResourcesBuildPhase;
			buildActionMask = 2147483647;
			files = (
			);
			runOnlyForDeploymentPostprocessing = 0;
		};
/* End PBXResourcesBuildPhase section */

/* Begin PBXShellScriptBuildPhase section */
		0B9208C6E1C0C9506CE3B30C /* [CP] Check Pods Manifest.lock */ = {
			isa = PBXShellScriptBuildPhase;
			buildActionMask = 2147483647;
			files = (
			);
			inputFileListPaths = (
			);
			inputPaths = (
				"${PODS_PODFILE_DIR_PATH}/Podfile.lock",
				"${PODS_ROOT}/Manifest.lock",
			);
			name = "[CP] Check Pods Manifest.lock";
			outputFileListPaths = (
			);
			outputPaths = (
				"$(DERIVED_FILE_DIR)/Pods-close2_3Tests-checkManifestLockResult.txt",
			);
			runOnlyForDeploymentPostprocessing = 0;
			shellPath = /bin/sh;
			shellScript = "diff \"${PODS_PODFILE_DIR_PATH}/Podfile.lock\" \"${PODS_ROOT}/Manifest.lock\" > /dev/null\nif [ $? != 0 ] ; then\n    # print error to STDERR\n    echo \"error: The sandbox is not in sync with the Podfile.lock. Run 'pod install' or update your CocoaPods installation.\" >&2\n    exit 1\nfi\n# This output is used by Xcode 'outputs' to avoid re-running this script phase.\necho \"SUCCESS\" > \"${SCRIPT_OUTPUT_FILE_0}\"\n";
			showEnvVarsInLog = 0;
		};
		122617C5D8BF9072C9391D13 /* [CP] Check Pods Manifest.lock */ = {
			isa = PBXShellScriptBuildPhase;
			buildActionMask = 2147483647;
			files = (
			);
			inputFileListPaths = (
			);
			inputPaths = (
				"${PODS_PODFILE_DIR_PATH}/Podfile.lock",
				"${PODS_ROOT}/Manifest.lock",
			);
			name = "[CP] Check Pods Manifest.lock";
			outputFileListPaths = (
			);
			outputPaths = (
				"$(DERIVED_FILE_DIR)/Pods-close2_3-close2_3UITests-checkManifestLockResult.txt",
			);
			runOnlyForDeploymentPostprocessing = 0;
			shellPath = /bin/sh;
			shellScript = "diff \"${PODS_PODFILE_DIR_PATH}/Podfile.lock\" \"${PODS_ROOT}/Manifest.lock\" > /dev/null\nif [ $? != 0 ] ; then\n    # print error to STDERR\n    echo \"error: The sandbox is not in sync with the Podfile.lock. Run 'pod install' or update your CocoaPods installation.\" >&2\n    exit 1\nfi\n# This output is used by Xcode 'outputs' to avoid re-running this script phase.\necho \"SUCCESS\" > \"${SCRIPT_OUTPUT_FILE_0}\"\n";
			showEnvVarsInLog = 0;
		};
		3F56B7E3C7495AD47321E5E2 /* [CP] Copy Pods Resources */ = {
			isa = PBXShellScriptBuildPhase;
			buildActionMask = 2147483647;
			files = (
			);
			inputFileListPaths = (
				"${PODS_ROOT}/Target Support Files/Pods-close2_3-close2_3UITests/Pods-close2_3-close2_3UITests-resources-${CONFIGURATION}-input-files.xcfilelist",
			);
			name = "[CP] Copy Pods Resources";
			outputFileListPaths = (
				"${PODS_ROOT}/Target Support Files/Pods-close2_3-close2_3UITests/Pods-close2_3-close2_3UITests-resources-${CONFIGURATION}-output-files.xcfilelist",
			);
			runOnlyForDeploymentPostprocessing = 0;
			shellPath = /bin/sh;
			shellScript = "\"${PODS_ROOT}/Target Support Files/Pods-close2_3-close2_3UITests/Pods-close2_3-close2_3UITests-resources.sh\"\n";
			showEnvVarsInLog = 0;
		};
		96D1E230B337A1A3C19A6416 /* [CP] Check Pods Manifest.lock */ = {
			isa = PBXShellScriptBuildPhase;
			buildActionMask = 2147483647;
			files = (
			);
			inputFileListPaths = (
			);
			inputPaths = (
				"${PODS_PODFILE_DIR_PATH}/Podfile.lock",
				"${PODS_ROOT}/Manifest.lock",
			);
			name = "[CP] Check Pods Manifest.lock";
			outputFileListPaths = (
			);
			outputPaths = (
				"$(DERIVED_FILE_DIR)/Pods-close2_3-checkManifestLockResult.txt",
			);
			runOnlyForDeploymentPostprocessing = 0;
			shellPath = /bin/sh;
			shellScript = "diff \"${PODS_PODFILE_DIR_PATH}/Podfile.lock\" \"${PODS_ROOT}/Manifest.lock\" > /dev/null\nif [ $? != 0 ] ; then\n    # print error to STDERR\n    echo \"error: The sandbox is not in sync with the Podfile.lock. Run 'pod install' or update your CocoaPods installation.\" >&2\n    exit 1\nfi\n# This output is used by Xcode 'outputs' to avoid re-running this script phase.\necho \"SUCCESS\" > \"${SCRIPT_OUTPUT_FILE_0}\"\n";
			showEnvVarsInLog = 0;
		};
		AEFE75B61AC9BEF0AFAEB806 /* [CP] Copy Pods Resources */ = {
			isa = PBXShellScriptBuildPhase;
			buildActionMask = 2147483647;
			files = (
			);
			inputFileListPaths = (
				"${PODS_ROOT}/Target Support Files/Pods-close2_3/Pods-close2_3-resources-${CONFIGURATION}-input-files.xcfilelist",
			);
			name = "[CP] Copy Pods Resources";
			outputFileListPaths = (
				"${PODS_ROOT}/Target Support Files/Pods-close2_3/Pods-close2_3-resources-${CONFIGURATION}-output-files.xcfilelist",
			);
			runOnlyForDeploymentPostprocessing = 0;
			shellPath = /bin/sh;
			shellScript = "\"${PODS_ROOT}/Target Support Files/Pods-close2_3/Pods-close2_3-resources.sh\"\n";
			showEnvVarsInLog = 0;
		};
/* End PBXShellScriptBuildPhase section */

/* Begin PBXSourcesBuildPhase section */
		77D9A8F7297319E5007A93E7 /* Sources */ = {
			isa = PBXSourcesBuildPhase;
			buildActionMask = 2147483647;
			files = (
				04F4E0C629770A2000EC9D66 /* AddFriendViewController.swift in Sources */,
				77D9A903297319E5007A93E7 /* ViewController.swift in Sources */,
				04E66AA9297431B2005B21B1 /* MapViewController.swift in Sources */,
				04E66AA729743194005B21B1 /* WelcomeViewController.swift in Sources */,
				77D9A8FF297319E5007A93E7 /* AppDelegate.swift in Sources */,
				04F4E0C4297709F000EC9D66 /* ProfileViewController.swift in Sources */,
				77D9A901297319E5007A93E7 /* SceneDelegate.swift in Sources */,
				77D9A909297319E5007A93E7 /* close2_3.xcdatamodeld in Sources */,
			);
			runOnlyForDeploymentPostprocessing = 0;
		};
		77D9A910297319E7007A93E7 /* Sources */ = {
			isa = PBXSourcesBuildPhase;
			buildActionMask = 2147483647;
			files = (
				77D9A919297319E7007A93E7 /* close2_3Tests.swift in Sources */,
			);
			runOnlyForDeploymentPostprocessing = 0;
		};
		77D9A91A297319E7007A93E7 /* Sources */ = {
			isa = PBXSourcesBuildPhase;
			buildActionMask = 2147483647;
			files = (
				77D9A925297319E7007A93E7 /* close2_3UITestsLaunchTests.swift in Sources */,
				77D9A923297319E7007A93E7 /* close2_3UITests.swift in Sources */,
			);
			runOnlyForDeploymentPostprocessing = 0;
		};
/* End PBXSourcesBuildPhase section */

/* Begin PBXTargetDependency section */
		77D9A916297319E7007A93E7 /* PBXTargetDependency */ = {
			isa = PBXTargetDependency;
			target = 77D9A8FA297319E5007A93E7 /* close2_3 */;
			targetProxy = 77D9A915297319E7007A93E7 /* PBXContainerItemProxy */;
		};
		77D9A920297319E7007A93E7 /* PBXTargetDependency */ = {
			isa = PBXTargetDependency;
			target = 77D9A8FA297319E5007A93E7 /* close2_3 */;
			targetProxy = 77D9A91F297319E7007A93E7 /* PBXContainerItemProxy */;
		};
/* End PBXTargetDependency section */

/* Begin PBXVariantGroup section */
		77D9A904297319E5007A93E7 /* Main.storyboard */ = {
			isa = PBXVariantGroup;
			children = (
				77D9A905297319E5007A93E7 /* Base */,
			);
			name = Main.storyboard;
			sourceTree = "<group>";
		};
		77D9A90C297319E7007A93E7 /* LaunchScreen.storyboard */ = {
			isa = PBXVariantGroup;
			children = (
				77D9A90D297319E7007A93E7 /* Base */,
			);
			name = LaunchScreen.storyboard;
			sourceTree = "<group>";
		};
/* End PBXVariantGroup section */

/* Begin XCBuildConfiguration section */
		77D9A926297319E7007A93E7 /* Debug */ = {
			isa = XCBuildConfiguration;
			buildSettings = {
				ALWAYS_SEARCH_USER_PATHS = NO;
				CLANG_ANALYZER_NONNULL = YES;
				CLANG_ANALYZER_NUMBER_OBJECT_CONVERSION = YES_AGGRESSIVE;
				CLANG_CXX_LANGUAGE_STANDARD = "gnu++20";
				CLANG_ENABLE_MODULES = YES;
				CLANG_ENABLE_OBJC_ARC = YES;
				CLANG_ENABLE_OBJC_WEAK = YES;
				CLANG_WARN_BLOCK_CAPTURE_AUTORELEASING = YES;
				CLANG_WARN_BOOL_CONVERSION = YES;
				CLANG_WARN_COMMA = YES;
				CLANG_WARN_CONSTANT_CONVERSION = YES;
				CLANG_WARN_DEPRECATED_OBJC_IMPLEMENTATIONS = YES;
				CLANG_WARN_DIRECT_OBJC_ISA_USAGE = YES_ERROR;
				CLANG_WARN_DOCUMENTATION_COMMENTS = YES;
				CLANG_WARN_EMPTY_BODY = YES;
				CLANG_WARN_ENUM_CONVERSION = YES;
				CLANG_WARN_INFINITE_RECURSION = YES;
				CLANG_WARN_INT_CONVERSION = YES;
				CLANG_WARN_NON_LITERAL_NULL_CONVERSION = YES;
				CLANG_WARN_OBJC_IMPLICIT_RETAIN_SELF = YES;
				CLANG_WARN_OBJC_LITERAL_CONVERSION = YES;
				CLANG_WARN_OBJC_ROOT_CLASS = YES_ERROR;
				CLANG_WARN_QUOTED_INCLUDE_IN_FRAMEWORK_HEADER = YES;
				CLANG_WARN_RANGE_LOOP_ANALYSIS = YES;
				CLANG_WARN_STRICT_PROTOTYPES = YES;
				CLANG_WARN_SUSPICIOUS_MOVE = YES;
				CLANG_WARN_UNGUARDED_AVAILABILITY = YES_AGGRESSIVE;
				CLANG_WARN_UNREACHABLE_CODE = YES;
				CLANG_WARN__DUPLICATE_METHOD_MATCH = YES;
				COPY_PHASE_STRIP = NO;
				DEBUG_INFORMATION_FORMAT = dwarf;
				ENABLE_STRICT_OBJC_MSGSEND = YES;
				ENABLE_TESTABILITY = YES;
				GCC_C_LANGUAGE_STANDARD = gnu11;
				GCC_DYNAMIC_NO_PIC = NO;
				GCC_NO_COMMON_BLOCKS = YES;
				GCC_OPTIMIZATION_LEVEL = 0;
				GCC_PREPROCESSOR_DEFINITIONS = (
					"DEBUG=1",
					"$(inherited)",
				);
				GCC_WARN_64_TO_32_BIT_CONVERSION = YES;
				GCC_WARN_ABOUT_RETURN_TYPE = YES_ERROR;
				GCC_WARN_UNDECLARED_SELECTOR = YES;
				GCC_WARN_UNINITIALIZED_AUTOS = YES_AGGRESSIVE;
				GCC_WARN_UNUSED_FUNCTION = YES;
				GCC_WARN_UNUSED_VARIABLE = YES;
				IPHONEOS_DEPLOYMENT_TARGET = 16.2;
				MTL_ENABLE_DEBUG_INFO = INCLUDE_SOURCE;
				MTL_FAST_MATH = YES;
				ONLY_ACTIVE_ARCH = YES;
				SDKROOT = iphoneos;
				SWIFT_ACTIVE_COMPILATION_CONDITIONS = DEBUG;
				SWIFT_OPTIMIZATION_LEVEL = "-Onone";
			};
			name = Debug;
		};
		77D9A927297319E7007A93E7 /* Release */ = {
			isa = XCBuildConfiguration;
			buildSettings = {
				ALWAYS_SEARCH_USER_PATHS = NO;
				CLANG_ANALYZER_NONNULL = YES;
				CLANG_ANALYZER_NUMBER_OBJECT_CONVERSION = YES_AGGRESSIVE;
				CLANG_CXX_LANGUAGE_STANDARD = "gnu++20";
				CLANG_ENABLE_MODULES = YES;
				CLANG_ENABLE_OBJC_ARC = YES;
				CLANG_ENABLE_OBJC_WEAK = YES;
				CLANG_WARN_BLOCK_CAPTURE_AUTORELEASING = YES;
				CLANG_WARN_BOOL_CONVERSION = YES;
				CLANG_WARN_COMMA = YES;
				CLANG_WARN_CONSTANT_CONVERSION = YES;
				CLANG_WARN_DEPRECATED_OBJC_IMPLEMENTATIONS = YES;
				CLANG_WARN_DIRECT_OBJC_ISA_USAGE = YES_ERROR;
				CLANG_WARN_DOCUMENTATION_COMMENTS = YES;
				CLANG_WARN_EMPTY_BODY = YES;
				CLANG_WARN_ENUM_CONVERSION = YES;
				CLANG_WARN_INFINITE_RECURSION = YES;
				CLANG_WARN_INT_CONVERSION = YES;
				CLANG_WARN_NON_LITERAL_NULL_CONVERSION = YES;
				CLANG_WARN_OBJC_IMPLICIT_RETAIN_SELF = YES;
				CLANG_WARN_OBJC_LITERAL_CONVERSION = YES;
				CLANG_WARN_OBJC_ROOT_CLASS = YES_ERROR;
				CLANG_WARN_QUOTED_INCLUDE_IN_FRAMEWORK_HEADER = YES;
				CLANG_WARN_RANGE_LOOP_ANALYSIS = YES;
				CLANG_WARN_STRICT_PROTOTYPES = YES;
				CLANG_WARN_SUSPICIOUS_MOVE = YES;
				CLANG_WARN_UNGUARDED_AVAILABILITY = YES_AGGRESSIVE;
				CLANG_WARN_UNREACHABLE_CODE = YES;
				CLANG_WARN__DUPLICATE_METHOD_MATCH = YES;
				COPY_PHASE_STRIP = NO;
				DEBUG_INFORMATION_FORMAT = "dwarf-with-dsym";
				ENABLE_NS_ASSERTIONS = NO;
				ENABLE_STRICT_OBJC_MSGSEND = YES;
				GCC_C_LANGUAGE_STANDARD = gnu11;
				GCC_NO_COMMON_BLOCKS = YES;
				GCC_WARN_64_TO_32_BIT_CONVERSION = YES;
				GCC_WARN_ABOUT_RETURN_TYPE = YES_ERROR;
				GCC_WARN_UNDECLARED_SELECTOR = YES;
				GCC_WARN_UNINITIALIZED_AUTOS = YES_AGGRESSIVE;
				GCC_WARN_UNUSED_FUNCTION = YES;
				GCC_WARN_UNUSED_VARIABLE = YES;
				IPHONEOS_DEPLOYMENT_TARGET = 16.2;
				MTL_ENABLE_DEBUG_INFO = NO;
				MTL_FAST_MATH = YES;
				SDKROOT = iphoneos;
				SWIFT_COMPILATION_MODE = wholemodule;
				SWIFT_OPTIMIZATION_LEVEL = "-O";
				VALIDATE_PRODUCT = YES;
			};
			name = Release;
		};
		77D9A929297319E7007A93E7 /* Debug */ = {
			isa = XCBuildConfiguration;
			baseConfigurationReference = 1DD4342ED691705917366336 /* Pods-close2_3.debug.xcconfig */;
			buildSettings = {
				ASSETCATALOG_COMPILER_APPICON_NAME = AppIcon;
				ASSETCATALOG_COMPILER_GLOBAL_ACCENT_COLOR_NAME = AccentColor;
				CODE_SIGN_STYLE = Automatic;
				CURRENT_PROJECT_VERSION = 1;
				DEVELOPMENT_TEAM = 7LQZDYGY7K;
				GENERATE_INFOPLIST_FILE = YES;
				INFOPLIST_FILE = close2_3/Info.plist;
				INFOPLIST_KEY_UIApplicationSupportsIndirectInputEvents = YES;
				INFOPLIST_KEY_UILaunchStoryboardName = LaunchScreen;
				INFOPLIST_KEY_UIMainStoryboardFile = Main;
				INFOPLIST_KEY_UISupportedInterfaceOrientations_iPad = "UIInterfaceOrientationPortrait UIInterfaceOrientationPortraitUpsideDown UIInterfaceOrientationLandscapeLeft UIInterfaceOrientationLandscapeRight";
				INFOPLIST_KEY_UISupportedInterfaceOrientations_iPhone = "UIInterfaceOrientationPortrait UIInterfaceOrientationLandscapeLeft UIInterfaceOrientationLandscapeRight";
				IPHONEOS_DEPLOYMENT_TARGET = 16.0;
				LD_RUNPATH_SEARCH_PATHS = (
					"$(inherited)",
					"@executable_path/Frameworks",
				);
				MARKETING_VERSION = 1.0;
				PRODUCT_BUNDLE_IDENTIFIER = "f.close2-3";
				PRODUCT_NAME = "$(TARGET_NAME)";
				SWIFT_EMIT_LOC_STRINGS = YES;
				SWIFT_VERSION = 5.0;
				TARGETED_DEVICE_FAMILY = "1,2";
			};
			name = Debug;
		};
		77D9A92A297319E7007A93E7 /* Release */ = {
			isa = XCBuildConfiguration;
			baseConfigurationReference = B84EF27FE60881B77135C77F /* Pods-close2_3.release.xcconfig */;
			buildSettings = {
				ASSETCATALOG_COMPILER_APPICON_NAME = AppIcon;
				ASSETCATALOG_COMPILER_GLOBAL_ACCENT_COLOR_NAME = AccentColor;
				CODE_SIGN_STYLE = Automatic;
				CURRENT_PROJECT_VERSION = 1;
				DEVELOPMENT_TEAM = 7LQZDYGY7K;
				GENERATE_INFOPLIST_FILE = YES;
				INFOPLIST_FILE = close2_3/Info.plist;
				INFOPLIST_KEY_UIApplicationSupportsIndirectInputEvents = YES;
				INFOPLIST_KEY_UILaunchStoryboardName = LaunchScreen;
				INFOPLIST_KEY_UIMainStoryboardFile = Main;
				INFOPLIST_KEY_UISupportedInterfaceOrientations_iPad = "UIInterfaceOrientationPortrait UIInterfaceOrientationPortraitUpsideDown UIInterfaceOrientationLandscapeLeft UIInterfaceOrientationLandscapeRight";
				INFOPLIST_KEY_UISupportedInterfaceOrientations_iPhone = "UIInterfaceOrientationPortrait UIInterfaceOrientationLandscapeLeft UIInterfaceOrientationLandscapeRight";
				IPHONEOS_DEPLOYMENT_TARGET = 16.0;
				LD_RUNPATH_SEARCH_PATHS = (
					"$(inherited)",
					"@executable_path/Frameworks",
				);
				MARKETING_VERSION = 1.0;
				PRODUCT_BUNDLE_IDENTIFIER = "f.close2-3";
				PRODUCT_NAME = "$(TARGET_NAME)";
				SWIFT_EMIT_LOC_STRINGS = YES;
				SWIFT_VERSION = 5.0;
				TARGETED_DEVICE_FAMILY = "1,2";
			};
			name = Release;
		};
		77D9A92C297319E7007A93E7 /* Debug */ = {
			isa = XCBuildConfiguration;
			baseConfigurationReference = 984081091C7FD165B0B54438 /* Pods-close2_3Tests.debug.xcconfig */;
			buildSettings = {
				ALWAYS_EMBED_SWIFT_STANDARD_LIBRARIES = YES;
				BUNDLE_LOADER = "$(TEST_HOST)";
				CODE_SIGN_STYLE = Automatic;
				CURRENT_PROJECT_VERSION = 1;
				GENERATE_INFOPLIST_FILE = YES;
				IPHONEOS_DEPLOYMENT_TARGET = 16.2;
				MARKETING_VERSION = 1.0;
				PRODUCT_BUNDLE_IDENTIFIER = "f.close2-3Tests";
				PRODUCT_NAME = "$(TARGET_NAME)";
				SWIFT_EMIT_LOC_STRINGS = NO;
				SWIFT_VERSION = 5.0;
				TARGETED_DEVICE_FAMILY = "1,2";
				TEST_HOST = "$(BUILT_PRODUCTS_DIR)/close2_3.app/$(BUNDLE_EXECUTABLE_FOLDER_PATH)/close2_3";
			};
			name = Debug;
		};
		77D9A92D297319E7007A93E7 /* Release */ = {
			isa = XCBuildConfiguration;
			baseConfigurationReference = 60E240D27F67E9F3C3635E1F /* Pods-close2_3Tests.release.xcconfig */;
			buildSettings = {
				ALWAYS_EMBED_SWIFT_STANDARD_LIBRARIES = YES;
				BUNDLE_LOADER = "$(TEST_HOST)";
				CODE_SIGN_STYLE = Automatic;
				CURRENT_PROJECT_VERSION = 1;
				GENERATE_INFOPLIST_FILE = YES;
				IPHONEOS_DEPLOYMENT_TARGET = 16.2;
				MARKETING_VERSION = 1.0;
				PRODUCT_BUNDLE_IDENTIFIER = "f.close2-3Tests";
				PRODUCT_NAME = "$(TARGET_NAME)";
				SWIFT_EMIT_LOC_STRINGS = NO;
				SWIFT_VERSION = 5.0;
				TARGETED_DEVICE_FAMILY = "1,2";
				TEST_HOST = "$(BUILT_PRODUCTS_DIR)/close2_3.app/$(BUNDLE_EXECUTABLE_FOLDER_PATH)/close2_3";
			};
			name = Release;
		};
		77D9A92F297319E7007A93E7 /* Debug */ = {
			isa = XCBuildConfiguration;
			baseConfigurationReference = 54FA5CBA800947447EE50707 /* Pods-close2_3-close2_3UITests.debug.xcconfig */;
			buildSettings = {
				ALWAYS_EMBED_SWIFT_STANDARD_LIBRARIES = YES;
				CODE_SIGN_STYLE = Automatic;
				CURRENT_PROJECT_VERSION = 1;
				GENERATE_INFOPLIST_FILE = YES;
				MARKETING_VERSION = 1.0;
				PRODUCT_BUNDLE_IDENTIFIER = "f.close2-3UITests";
				PRODUCT_NAME = "$(TARGET_NAME)";
				SWIFT_EMIT_LOC_STRINGS = NO;
				SWIFT_VERSION = 5.0;
				TARGETED_DEVICE_FAMILY = "1,2";
				TEST_TARGET_NAME = close2_3;
			};
			name = Debug;
		};
		77D9A930297319E7007A93E7 /* Release */ = {
			isa = XCBuildConfiguration;
			baseConfigurationReference = DB77BBF3760FE17D4EB59DD5 /* Pods-close2_3-close2_3UITests.release.xcconfig */;
			buildSettings = {
				ALWAYS_EMBED_SWIFT_STANDARD_LIBRARIES = YES;
				CODE_SIGN_STYLE = Automatic;
				CURRENT_PROJECT_VERSION = 1;
				GENERATE_INFOPLIST_FILE = YES;
				MARKETING_VERSION = 1.0;
				PRODUCT_BUNDLE_IDENTIFIER = "f.close2-3UITests";
				PRODUCT_NAME = "$(TARGET_NAME)";
				SWIFT_EMIT_LOC_STRINGS = NO;
				SWIFT_VERSION = 5.0;
				TARGETED_DEVICE_FAMILY = "1,2";
				TEST_TARGET_NAME = close2_3;
			};
			name = Release;
		};
/* End XCBuildConfiguration section */

/* Begin XCConfigurationList section */
		77D9A8F6297319E4007A93E7 /* Build configuration list for PBXProject "close2_3" */ = {
			isa = XCConfigurationList;
			buildConfigurations = (
				77D9A926297319E7007A93E7 /* Debug */,
				77D9A927297319E7007A93E7 /* Release */,
			);
			defaultConfigurationIsVisible = 0;
			defaultConfigurationName = Release;
		};
		77D9A928297319E7007A93E7 /* Build configuration list for PBXNativeTarget "close2_3" */ = {
			isa = XCConfigurationList;
			buildConfigurations = (
				77D9A929297319E7007A93E7 /* Debug */,
				77D9A92A297319E7007A93E7 /* Release */,
			);
			defaultConfigurationIsVisible = 0;
			defaultConfigurationName = Release;
		};
		77D9A92B297319E7007A93E7 /* Build configuration list for PBXNativeTarget "close2_3Tests" */ = {
			isa = XCConfigurationList;
			buildConfigurations = (
				77D9A92C297319E7007A93E7 /* Debug */,
				77D9A92D297319E7007A93E7 /* Release */,
			);
			defaultConfigurationIsVisible = 0;
			defaultConfigurationName = Release;
		};
		77D9A92E297319E7007A93E7 /* Build configuration list for PBXNativeTarget "close2_3UITests" */ = {
			isa = XCConfigurationList;
			buildConfigurations = (
				77D9A92F297319E7007A93E7 /* Debug */,
				77D9A930297319E7007A93E7 /* Release */,
			);
			defaultConfigurationIsVisible = 0;
			defaultConfigurationName = Release;
		};
/* End XCConfigurationList section */

/* Begin XCVersionGroup section */
		77D9A907297319E5007A93E7 /* close2_3.xcdatamodeld */ = {
			isa = XCVersionGroup;
			children = (
				77D9A908297319E5007A93E7 /* close2_3.xcdatamodel */,
			);
			currentVersion = 77D9A908297319E5007A93E7 /* close2_3.xcdatamodel */;
			path = close2_3.xcdatamodeld;
			sourceTree = "<group>";
			versionGroupType = wrapper.xcdatamodel;
		};
/* End XCVersionGroup section */
	};
	rootObject = 77D9A8F3297319E4007A93E7 /* Project object */;
}
